// !$*UTF8*$!
{
	archiveVersion = 1;
	classes = {
	};
	objectVersion = 46;
	objects = {

/* Begin PBXBuildFile section */
		7E4E575A1F1FC16400FCD758 /* CommentsViewController.swift in Sources */ = {isa = PBXBuildFile; fileRef = 7E4E57561F1FC16400FCD758 /* CommentsViewController.swift */; };
		7E4E575B1F1FC16400FCD758 /* PhotoDetailViewController.swift in Sources */ = {isa = PBXBuildFile; fileRef = 7E4E57571F1FC16400FCD758 /* PhotoDetailViewController.swift */; };
		7E4E575C1F1FC16400FCD758 /* PhotoLibraryViewController.swift in Sources */ = {isa = PBXBuildFile; fileRef = 7E4E57581F1FC16400FCD758 /* PhotoLibraryViewController.swift */; };
		7E4E575D1F1FC16400FCD758 /* PhotosViewController.swift in Sources */ = {isa = PBXBuildFile; fileRef = 7E4E57591F1FC16400FCD758 /* PhotosViewController.swift */; };
		7E4E57621F1FC1DE00FCD758 /* ServiceUtility.swift in Sources */ = {isa = PBXBuildFile; fileRef = 7E4E575E1F1FC1DE00FCD758 /* ServiceUtility.swift */; };
		7E4E57631F1FC1DE00FCD758 /* PhotoAlbum.swift in Sources */ = {isa = PBXBuildFile; fileRef = 7E4E575F1F1FC1DE00FCD758 /* PhotoAlbum.swift */; };
		7E4E57641F1FC1DE00FCD758 /* Photos.swift in Sources */ = {isa = PBXBuildFile; fileRef = 7E4E57601F1FC1DE00FCD758 /* Photos.swift */; };
		7E4E57651F1FC1DE00FCD758 /* KSResponse.swift in Sources */ = {isa = PBXBuildFile; fileRef = 7E4E57611F1FC1DE00FCD758 /* KSResponse.swift */; };
		8AEC2C751F1693E9008DF3BB /* TabbarController.swift in Sources */ = {isa = PBXBuildFile; fileRef = 8AEC2C741F1693E9008DF3BB /* TabbarController.swift */; };
		8AEC2C831F169C23008DF3BB /* Chat.storyboard in Resources */ = {isa = PBXBuildFile; fileRef = 8AEC2C7B1F169C23008DF3BB /* Chat.storyboard */; };
		8AEC2C841F169C23008DF3BB /* LaunchScreen.storyboard in Resources */ = {isa = PBXBuildFile; fileRef = 8AEC2C7C1F169C23008DF3BB /* LaunchScreen.storyboard */; };
		8AEC2C861F169C23008DF3BB /* Login.storyboard in Resources */ = {isa = PBXBuildFile; fileRef = 8AEC2C7E1F169C23008DF3BB /* Login.storyboard */; };
		8AEC2C871F169C23008DF3BB /* Main.storyboard in Resources */ = {isa = PBXBuildFile; fileRef = 8AEC2C7F1F169C23008DF3BB /* Main.storyboard */; };
		8AEC2C891F169C23008DF3BB /* Profile.storyboard in Resources */ = {isa = PBXBuildFile; fileRef = 8AEC2C811F169C23008DF3BB /* Profile.storyboard */; };
		8AEC2C8A1F169C23008DF3BB /* Stories.storyboard in Resources */ = {isa = PBXBuildFile; fileRef = 8AEC2C821F169C23008DF3BB /* Stories.storyboard */; };
		8AEC2C8C1F169DFE008DF3BB /* Storyboards.swift in Sources */ = {isa = PBXBuildFile; fileRef = 8AEC2C8B1F169DFE008DF3BB /* Storyboards.swift */; };
		D90A0F881F01F32E00BFCE90 /* MenuBar.swift in Sources */ = {isa = PBXBuildFile; fileRef = D90A0F871F01F32E00BFCE90 /* MenuBar.swift */; };
		D90BF05E1F0D6752003B5F4D /* MyStoriesViewController.swift in Sources */ = {isa = PBXBuildFile; fileRef = D90BF05D1F0D6752003B5F4D /* MyStoriesViewController.swift */; };
		D90BF0621F0D7DF5003B5F4D /* StoriesTableViewCell.swift in Sources */ = {isa = PBXBuildFile; fileRef = D90BF0601F0D7DF5003B5F4D /* StoriesTableViewCell.swift */; };
		D90BF0631F0D7DF5003B5F4D /* StoriesTableViewCell.xib in Resources */ = {isa = PBXBuildFile; fileRef = D90BF0611F0D7DF5003B5F4D /* StoriesTableViewCell.xib */; };
		D90DF8431F156A97002DD501 /* CameraView.swift in Sources */ = {isa = PBXBuildFile; fileRef = D90DF8421F156A97002DD501 /* CameraView.swift */; };
		D90DF8451F157E64002DD501 /* VideoView.swift in Sources */ = {isa = PBXBuildFile; fileRef = D90DF8441F157E64002DD501 /* VideoView.swift */; };
		D91C3ADC1F001584005F945C /* KBTextField.swift in Sources */ = {isa = PBXBuildFile; fileRef = D91C3ADB1F001584005F945C /* KBTextField.swift */; };
		D91C3AF51F001D78005F945C /* IQNSArray+Sort.swift in Sources */ = {isa = PBXBuildFile; fileRef = D91C3AE01F001D78005F945C /* IQNSArray+Sort.swift */; };
		D91C3AF61F001D78005F945C /* IQUIScrollView+Additions.swift in Sources */ = {isa = PBXBuildFile; fileRef = D91C3AE11F001D78005F945C /* IQUIScrollView+Additions.swift */; };
		D91C3AF71F001D78005F945C /* IQUITextFieldView+Additions.swift in Sources */ = {isa = PBXBuildFile; fileRef = D91C3AE21F001D78005F945C /* IQUITextFieldView+Additions.swift */; };
		D91C3AF81F001D78005F945C /* IQUIView+Hierarchy.swift in Sources */ = {isa = PBXBuildFile; fileRef = D91C3AE31F001D78005F945C /* IQUIView+Hierarchy.swift */; };
		D91C3AF91F001D78005F945C /* IQUIViewController+Additions.swift in Sources */ = {isa = PBXBuildFile; fileRef = D91C3AE41F001D78005F945C /* IQUIViewController+Additions.swift */; };
		D91C3AFA1F001D78005F945C /* IQUIWindow+Hierarchy.swift in Sources */ = {isa = PBXBuildFile; fileRef = D91C3AE51F001D78005F945C /* IQUIWindow+Hierarchy.swift */; };
		D91C3AFB1F001D78005F945C /* IQKeyboardManagerConstants.swift in Sources */ = {isa = PBXBuildFile; fileRef = D91C3AE71F001D78005F945C /* IQKeyboardManagerConstants.swift */; };
		D91C3AFC1F001D78005F945C /* IQKeyboardManagerConstantsInternal.swift in Sources */ = {isa = PBXBuildFile; fileRef = D91C3AE81F001D78005F945C /* IQKeyboardManagerConstantsInternal.swift */; };
		D91C3AFD1F001D78005F945C /* IQKeyboardManager.swift in Sources */ = {isa = PBXBuildFile; fileRef = D91C3AE91F001D78005F945C /* IQKeyboardManager.swift */; };
		D91C3AFE1F001D78005F945C /* IQKeyboardReturnKeyHandler.swift in Sources */ = {isa = PBXBuildFile; fileRef = D91C3AEA1F001D78005F945C /* IQKeyboardReturnKeyHandler.swift */; };
		D91C3AFF1F001D78005F945C /* IQTextView.swift in Sources */ = {isa = PBXBuildFile; fileRef = D91C3AEC1F001D78005F945C /* IQTextView.swift */; };
		D91C3B001F001D78005F945C /* IQBarButtonItem.swift in Sources */ = {isa = PBXBuildFile; fileRef = D91C3AEE1F001D78005F945C /* IQBarButtonItem.swift */; };
		D91C3B011F001D78005F945C /* IQPreviousNextView.swift in Sources */ = {isa = PBXBuildFile; fileRef = D91C3AEF1F001D78005F945C /* IQPreviousNextView.swift */; };
		D91C3B021F001D78005F945C /* IQTitleBarButtonItem.swift in Sources */ = {isa = PBXBuildFile; fileRef = D91C3AF01F001D78005F945C /* IQTitleBarButtonItem.swift */; };
		D91C3B031F001D78005F945C /* IQToolbar.swift in Sources */ = {isa = PBXBuildFile; fileRef = D91C3AF11F001D78005F945C /* IQToolbar.swift */; };
		D91C3B041F001D78005F945C /* IQUIView+IQKeyboardToolbar.swift in Sources */ = {isa = PBXBuildFile; fileRef = D91C3AF21F001D78005F945C /* IQUIView+IQKeyboardToolbar.swift */; };
		D91C3B051F001D78005F945C /* IQKeyboardManager.bundle in Resources */ = {isa = PBXBuildFile; fileRef = D91C3AF41F001D78005F945C /* IQKeyboardManager.bundle */; };
		D91C3B071F003986005F945C /* SignUpViewController.swift in Sources */ = {isa = PBXBuildFile; fileRef = D91C3B061F003986005F945C /* SignUpViewController.swift */; };
		D91C3B0A1F003DB5005F945C /* ParentViewController.swift in Sources */ = {isa = PBXBuildFile; fileRef = D91C3B091F003DB5005F945C /* ParentViewController.swift */; };
		D92070DD1EF98FDC0095B9FA /* LoginViewController.swift in Sources */ = {isa = PBXBuildFile; fileRef = D92070DC1EF98FDC0095B9FA /* LoginViewController.swift */; };
		D926C8971F23E8940090B621 /* StoriesViewController.swift in Sources */ = {isa = PBXBuildFile; fileRef = D926C8961F23E8940090B621 /* StoriesViewController.swift */; };
		D95181A61F180776008595CC /* LiveFeed.storyboard in Resources */ = {isa = PBXBuildFile; fileRef = D95181A51F180776008595CC /* LiveFeed.storyboard */; };
		D95181A81F180ADE008595CC /* PhotoAlbum.storyboard in Resources */ = {isa = PBXBuildFile; fileRef = D95181A71F180ADE008595CC /* PhotoAlbum.storyboard */; };
		D95181AA1F180C37008595CC /* LiveFeedsViewController.swift in Sources */ = {isa = PBXBuildFile; fileRef = D95181A91F180C37008595CC /* LiveFeedsViewController.swift */; };
		D96366271F02D15D00784A58 /* MBProgressHUD.m in Sources */ = {isa = PBXBuildFile; fileRef = D96366261F02D15D00784A58 /* MBProgressHUD.m */; };
		D963662B1F02D33900784A58 /* Reach.swift in Sources */ = {isa = PBXBuildFile; fileRef = D963662A1F02D33900784A58 /* Reach.swift */; };
		D963662D1F02D62600784A58 /* APIManager.swift in Sources */ = {isa = PBXBuildFile; fileRef = D963662C1F02D62600784A58 /* APIManager.swift */; };
		D963662F1F02D74E00784A58 /* WebServices.swift in Sources */ = {isa = PBXBuildFile; fileRef = D963662E1F02D74E00784A58 /* WebServices.swift */; };
		D96366311F02D77E00784A58 /* DataServiceModal.swift in Sources */ = {isa = PBXBuildFile; fileRef = D96366301F02D77E00784A58 /* DataServiceModal.swift */; };
		D96366331F02D78500784A58 /* Singleton.swift in Sources */ = {isa = PBXBuildFile; fileRef = D96366321F02D78500784A58 /* Singleton.swift */; };
		D96366361F02FCBC00784A58 /* EditProfileCell.swift in Sources */ = {isa = PBXBuildFile; fileRef = D96366341F02FCBC00784A58 /* EditProfileCell.swift */; };
		D96366371F02FCBC00784A58 /* EditProfileCell.xib in Resources */ = {isa = PBXBuildFile; fileRef = D96366351F02FCBC00784A58 /* EditProfileCell.xib */; };
		D963663A1F03343900784A58 /* PickerView.swift in Sources */ = {isa = PBXBuildFile; fileRef = D96366391F03343900784A58 /* PickerView.swift */; };
		D963665D1F035BD100784A58 /* MKAnnotationView+WebCache.m in Sources */ = {isa = PBXBuildFile; fileRef = D963663D1F035BD100784A58 /* MKAnnotationView+WebCache.m */; };
		D963665E1F035BD100784A58 /* NSData+ImageContentType.m in Sources */ = {isa = PBXBuildFile; fileRef = D963663F1F035BD100784A58 /* NSData+ImageContentType.m */; };
		D963665F1F035BD100784A58 /* SDImageCache.m in Sources */ = {isa = PBXBuildFile; fileRef = D96366411F035BD100784A58 /* SDImageCache.m */; };
		D96366601F035BD100784A58 /* SDWebImageCompat.m in Sources */ = {isa = PBXBuildFile; fileRef = D96366431F035BD100784A58 /* SDWebImageCompat.m */; };
		D96366611F035BD100784A58 /* SDWebImageDecoder.m in Sources */ = {isa = PBXBuildFile; fileRef = D96366451F035BD100784A58 /* SDWebImageDecoder.m */; };
		D96366621F035BD100784A58 /* SDWebImageDownloader.m in Sources */ = {isa = PBXBuildFile; fileRef = D96366471F035BD100784A58 /* SDWebImageDownloader.m */; };
		D96366631F035BD100784A58 /* SDWebImageDownloaderOperation.m in Sources */ = {isa = PBXBuildFile; fileRef = D96366491F035BD100784A58 /* SDWebImageDownloaderOperation.m */; };
		D96366641F035BD100784A58 /* SDWebImageManager.m in Sources */ = {isa = PBXBuildFile; fileRef = D963664B1F035BD100784A58 /* SDWebImageManager.m */; };
		D96366651F035BD100784A58 /* SDWebImagePrefetcher.m in Sources */ = {isa = PBXBuildFile; fileRef = D963664E1F035BD100784A58 /* SDWebImagePrefetcher.m */; };
		D96366661F035BD100784A58 /* UIButton+WebCache.m in Sources */ = {isa = PBXBuildFile; fileRef = D96366501F035BD100784A58 /* UIButton+WebCache.m */; };
		D96366671F035BD100784A58 /* UIImage+GIF.m in Sources */ = {isa = PBXBuildFile; fileRef = D96366521F035BD100784A58 /* UIImage+GIF.m */; };
		D96366681F035BD100784A58 /* UIImage+MultiFormat.m in Sources */ = {isa = PBXBuildFile; fileRef = D96366541F035BD100784A58 /* UIImage+MultiFormat.m */; };
		D96366691F035BD100784A58 /* UIImage+WebP.m in Sources */ = {isa = PBXBuildFile; fileRef = D96366561F035BD100784A58 /* UIImage+WebP.m */; };
		D963666A1F035BD100784A58 /* UIImageView+HighlightedWebCache.m in Sources */ = {isa = PBXBuildFile; fileRef = D96366581F035BD100784A58 /* UIImageView+HighlightedWebCache.m */; };
		D963666B1F035BD100784A58 /* UIImageView+WebCache.m in Sources */ = {isa = PBXBuildFile; fileRef = D963665A1F035BD100784A58 /* UIImageView+WebCache.m */; };
		D963666C1F035BD100784A58 /* UIView+WebCacheOperation.m in Sources */ = {isa = PBXBuildFile; fileRef = D963665C1F035BD100784A58 /* UIView+WebCacheOperation.m */; };
		D96B48E71F145A7400621B39 /* Loader.swift in Sources */ = {isa = PBXBuildFile; fileRef = D96B48E61F145A7400621B39 /* Loader.swift */; };
		D96B48EA1F146D6E00621B39 /* NewStoryPopUp.swift in Sources */ = {isa = PBXBuildFile; fileRef = D96B48E91F146D6E00621B39 /* NewStoryPopUp.swift */; };
		D96B48EC1F146D7B00621B39 /* NewStoryPopUp.xib in Resources */ = {isa = PBXBuildFile; fileRef = D96B48EB1F146D7B00621B39 /* NewStoryPopUp.xib */; };
		D96B48EF1F1472D600621B39 /* CustomAlertView.swift in Sources */ = {isa = PBXBuildFile; fileRef = D96B48EE1F1472D600621B39 /* CustomAlertView.swift */; };
		D9AC62B41F018F3A0055ED3D /* EditProfileHeader.swift in Sources */ = {isa = PBXBuildFile; fileRef = D9AC62B31F018F3A0055ED3D /* EditProfileHeader.swift */; };
		D9AC62B61F018F470055ED3D /* EditProfileHeader.xib in Resources */ = {isa = PBXBuildFile; fileRef = D9AC62B51F018F470055ED3D /* EditProfileHeader.xib */; };
		D9AC62C01F018FC90055ED3D /* AppFont.swift in Sources */ = {isa = PBXBuildFile; fileRef = D9AC62B81F018FC90055ED3D /* AppFont.swift */; };
		D9AC62C21F018FC90055ED3D /* CellIdentifiers.swift in Sources */ = {isa = PBXBuildFile; fileRef = D9AC62BA1F018FC90055ED3D /* CellIdentifiers.swift */; };
		D9AC62C31F018FC90055ED3D /* CommonEnums.swift in Sources */ = {isa = PBXBuildFile; fileRef = D9AC62BB1F018FC90055ED3D /* CommonEnums.swift */; };
		D9AC62C41F018FC90055ED3D /* Device.swift in Sources */ = {isa = PBXBuildFile; fileRef = D9AC62BC1F018FC90055ED3D /* Device.swift */; };
		D9AC62C71F018FC90055ED3D /* UDData.swift in Sources */ = {isa = PBXBuildFile; fileRef = D9AC62BF1F018FC90055ED3D /* UDData.swift */; };
		D9AC62D41F0191100055ED3D /* ColorExtension.swift in Sources */ = {isa = PBXBuildFile; fileRef = D9AC62CC1F0191100055ED3D /* ColorExtension.swift */; };
		D9AC62D51F0191100055ED3D /* DateExtension.swift in Sources */ = {isa = PBXBuildFile; fileRef = D9AC62CD1F0191100055ED3D /* DateExtension.swift */; };
		D9AC62D71F0191100055ED3D /* StringExtensions.swift in Sources */ = {isa = PBXBuildFile; fileRef = D9AC62CF1F0191100055ED3D /* StringExtensions.swift */; };
		D9AC62D81F0191100055ED3D /* UIButtonExtension.swift in Sources */ = {isa = PBXBuildFile; fileRef = D9AC62D01F0191100055ED3D /* UIButtonExtension.swift */; };
		D9AC62DA1F0191100055ED3D /* UIWindowExtension.swift in Sources */ = {isa = PBXBuildFile; fileRef = D9AC62D21F0191100055ED3D /* UIWindowExtension.swift */; };
		D9AC62DB1F0191100055ED3D /* VCExtensions.swift in Sources */ = {isa = PBXBuildFile; fileRef = D9AC62D31F0191100055ED3D /* VCExtensions.swift */; };
		D9AC62DE1F01913C0055ED3D /* CaptureImage.swift in Sources */ = {isa = PBXBuildFile; fileRef = D9AC62DD1F01913C0055ED3D /* CaptureImage.swift */; };
		D9AC62E31F01917A0055ED3D /* KBLoader.swift in Sources */ = {isa = PBXBuildFile; fileRef = D9AC62E01F01917A0055ED3D /* KBLoader.swift */; };
		D9AC62E41F01917A0055ED3D /* KBLog.swift in Sources */ = {isa = PBXBuildFile; fileRef = D9AC62E11F01917A0055ED3D /* KBLog.swift */; };
		D9AC62E51F01917A0055ED3D /* workloader.gif in Resources */ = {isa = PBXBuildFile; fileRef = D9AC62E21F01917A0055ED3D /* workloader.gif */; };
		D9AC62FE1F01995C0055ED3D /* LocalizedStrings.swift in Sources */ = {isa = PBXBuildFile; fileRef = D9AC62FD1F01995C0055ED3D /* LocalizedStrings.swift */; };
		D9AC63001F019A050055ED3D /* NSObjectExtensions.swift in Sources */ = {isa = PBXBuildFile; fileRef = D9AC62FF1F019A050055ED3D /* NSObjectExtensions.swift */; };
		D9AC63031F019E350055ED3D /* EditProfileViewController.swift in Sources */ = {isa = PBXBuildFile; fileRef = D9AC63021F019E350055ED3D /* EditProfileViewController.swift */; };
		D9D36B5F1F110B6D000C66CD /* Story.swift in Sources */ = {isa = PBXBuildFile; fileRef = D9D36B5E1F110B6D000C66CD /* Story.swift */; };
		D9D3DF4F1F1130E100173FFD /* CameraViewController.swift in Sources */ = {isa = PBXBuildFile; fileRef = D9D3DF4D1F1130E100173FFD /* CameraViewController.swift */; };
		D9D3DF501F1130E100173FFD /* CameraViewController.xib in Resources */ = {isa = PBXBuildFile; fileRef = D9D3DF4E1F1130E100173FFD /* CameraViewController.xib */; };
		D9FA59DA1F0F26FC001A38B6 /* CubePageView.m in Sources */ = {isa = PBXBuildFile; fileRef = D9FA59D91F0F26FC001A38B6 /* CubePageView.m */; };
		D9FA59DC1F0F3365001A38B6 /* StoryPreviewViewController.swift in Sources */ = {isa = PBXBuildFile; fileRef = D9FA59DB1F0F3365001A38B6 /* StoryPreviewViewController.swift */; };
		D9FDE6121EC2263C009D5BE3 /* AppDelegate.swift in Sources */ = {isa = PBXBuildFile; fileRef = D9FDE6111EC2263C009D5BE3 /* AppDelegate.swift */; };
		D9FDE6191EC2263C009D5BE3 /* Assets.xcassets in Resources */ = {isa = PBXBuildFile; fileRef = D9FDE6181EC2263C009D5BE3 /* Assets.xcassets */; };
		D9FDE6251EC226B2009D5BE3 /* CoreGraphics.framework in Frameworks */ = {isa = PBXBuildFile; fileRef = D9FDE6241EC226B2009D5BE3 /* CoreGraphics.framework */; };
		D9FDE6271EC226BB009D5BE3 /* QuartzCore.framework in Frameworks */ = {isa = PBXBuildFile; fileRef = D9FDE6261EC226BB009D5BE3 /* QuartzCore.framework */; };
		D9FDE6311EC22950009D5BE3 /* Trackball.m in Sources */ = {isa = PBXBuildFile; fileRef = D9FDE6301EC22950009D5BE3 /* Trackball.m */; };
		D9FDE6341EC2296D009D5BE3 /* AITransformView.m in Sources */ = {isa = PBXBuildFile; fileRef = D9FDE6331EC2296D009D5BE3 /* AITransformView.m */; };
		D9FDE6371EC22A76009D5BE3 /* HomeViewController.swift in Sources */ = {isa = PBXBuildFile; fileRef = D9FDE6361EC22A76009D5BE3 /* HomeViewController.swift */; };
		D9FDE63C1EC22C55009D5BE3 /* Enums.swift in Sources */ = {isa = PBXBuildFile; fileRef = D9FDE6391EC22C55009D5BE3 /* Enums.swift */; };
		D9FDE63D1EC22C55009D5BE3 /* Header.swift in Sources */ = {isa = PBXBuildFile; fileRef = D9FDE63A1EC22C55009D5BE3 /* Header.swift */; };
		D9FDE63E1EC22C55009D5BE3 /* Utility.swift in Sources */ = {isa = PBXBuildFile; fileRef = D9FDE63B1EC22C55009D5BE3 /* Utility.swift */; };
		D9FDE6451EC236F5009D5BE3 /* button.swift in Sources */ = {isa = PBXBuildFile; fileRef = D9FDE6401EC236F5009D5BE3 /* button.swift */; };
		D9FDE6461EC236F5009D5BE3 /* Image.swift in Sources */ = {isa = PBXBuildFile; fileRef = D9FDE6411EC236F5009D5BE3 /* Image.swift */; };
		D9FDE6471EC236F5009D5BE3 /* scroll.swift in Sources */ = {isa = PBXBuildFile; fileRef = D9FDE6421EC236F5009D5BE3 /* scroll.swift */; };
		D9FDE6481EC236F5009D5BE3 /* textField.swift in Sources */ = {isa = PBXBuildFile; fileRef = D9FDE6431EC236F5009D5BE3 /* textField.swift */; };
		D9FDE6491EC236F5009D5BE3 /* view.swift in Sources */ = {isa = PBXBuildFile; fileRef = D9FDE6441EC236F5009D5BE3 /* view.swift */; };
		D9FDE6581EC25821009D5BE3 /* img.png in Resources */ = {isa = PBXBuildFile; fileRef = D9FDE6571EC25821009D5BE3 /* img.png */; };
		D9FDE65E1EC2586E009D5BE3 /* img2.png in Resources */ = {isa = PBXBuildFile; fileRef = D9FDE6591EC2586E009D5BE3 /* img2.png */; };
		D9FDE65F1EC2586E009D5BE3 /* img3.png in Resources */ = {isa = PBXBuildFile; fileRef = D9FDE65A1EC2586E009D5BE3 /* img3.png */; };
		D9FDE6601EC2586E009D5BE3 /* img4.png in Resources */ = {isa = PBXBuildFile; fileRef = D9FDE65B1EC2586E009D5BE3 /* img4.png */; };
		D9FDE6611EC2586E009D5BE3 /* img5.png in Resources */ = {isa = PBXBuildFile; fileRef = D9FDE65C1EC2586E009D5BE3 /* img5.png */; };
		D9FDE6621EC2586E009D5BE3 /* img6.png in Resources */ = {isa = PBXBuildFile; fileRef = D9FDE65D1EC2586E009D5BE3 /* img6.png */; };
		E774B7318AC8024A4F9A707A /* Pods_Turnstr.framework in Frameworks */ = {isa = PBXBuildFile; fileRef = 1E49C4DB758F6E2256172E66 /* Pods_Turnstr.framework */; };
/* End PBXBuildFile section */

/* Begin PBXFileReference section */
		1E49C4DB758F6E2256172E66 /* Pods_Turnstr.framework */ = {isa = PBXFileReference; explicitFileType = wrapper.framework; includeInIndex = 0; path = Pods_Turnstr.framework; sourceTree = BUILT_PRODUCTS_DIR; };
		4AC6FD96D7C11DE3F0F2CCC3 /* Pods-Turnstr.release.xcconfig */ = {isa = PBXFileReference; includeInIndex = 1; lastKnownFileType = text.xcconfig; name = "Pods-Turnstr.release.xcconfig"; path = "Pods/Target Support Files/Pods-Turnstr/Pods-Turnstr.release.xcconfig"; sourceTree = "<group>"; };
		4C47722425C11F466B24548F /* Pods-Turnstr.debug.xcconfig */ = {isa = PBXFileReference; includeInIndex = 1; lastKnownFileType = text.xcconfig; name = "Pods-Turnstr.debug.xcconfig"; path = "Pods/Target Support Files/Pods-Turnstr/Pods-Turnstr.debug.xcconfig"; sourceTree = "<group>"; };
		7E4E57561F1FC16400FCD758 /* CommentsViewController.swift */ = {isa = PBXFileReference; fileEncoding = 4; lastKnownFileType = sourcecode.swift; path = CommentsViewController.swift; sourceTree = "<group>"; };
		7E4E57571F1FC16400FCD758 /* PhotoDetailViewController.swift */ = {isa = PBXFileReference; fileEncoding = 4; lastKnownFileType = sourcecode.swift; path = PhotoDetailViewController.swift; sourceTree = "<group>"; };
		7E4E57581F1FC16400FCD758 /* PhotoLibraryViewController.swift */ = {isa = PBXFileReference; fileEncoding = 4; lastKnownFileType = sourcecode.swift; path = PhotoLibraryViewController.swift; sourceTree = "<group>"; };
		7E4E57591F1FC16400FCD758 /* PhotosViewController.swift */ = {isa = PBXFileReference; fileEncoding = 4; lastKnownFileType = sourcecode.swift; path = PhotosViewController.swift; sourceTree = "<group>"; };
		7E4E575E1F1FC1DE00FCD758 /* ServiceUtility.swift */ = {isa = PBXFileReference; fileEncoding = 4; lastKnownFileType = sourcecode.swift; path = ServiceUtility.swift; sourceTree = "<group>"; };
		7E4E575F1F1FC1DE00FCD758 /* PhotoAlbum.swift */ = {isa = PBXFileReference; fileEncoding = 4; lastKnownFileType = sourcecode.swift; path = PhotoAlbum.swift; sourceTree = "<group>"; };
		7E4E57601F1FC1DE00FCD758 /* Photos.swift */ = {isa = PBXFileReference; fileEncoding = 4; lastKnownFileType = sourcecode.swift; path = Photos.swift; sourceTree = "<group>"; };
		7E4E57611F1FC1DE00FCD758 /* KSResponse.swift */ = {isa = PBXFileReference; fileEncoding = 4; lastKnownFileType = sourcecode.swift; path = KSResponse.swift; sourceTree = "<group>"; };
		8AEC2C741F1693E9008DF3BB /* TabbarController.swift */ = {isa = PBXFileReference; fileEncoding = 4; lastKnownFileType = sourcecode.swift; path = TabbarController.swift; sourceTree = "<group>"; };
		8AEC2C7B1F169C23008DF3BB /* Chat.storyboard */ = {isa = PBXFileReference; fileEncoding = 4; lastKnownFileType = file.storyboard; path = Chat.storyboard; sourceTree = "<group>"; };
		8AEC2C7C1F169C23008DF3BB /* LaunchScreen.storyboard */ = {isa = PBXFileReference; fileEncoding = 4; lastKnownFileType = file.storyboard; path = LaunchScreen.storyboard; sourceTree = "<group>"; };
		8AEC2C7E1F169C23008DF3BB /* Login.storyboard */ = {isa = PBXFileReference; fileEncoding = 4; lastKnownFileType = file.storyboard; path = Login.storyboard; sourceTree = "<group>"; };
		8AEC2C7F1F169C23008DF3BB /* Main.storyboard */ = {isa = PBXFileReference; fileEncoding = 4; lastKnownFileType = file.storyboard; path = Main.storyboard; sourceTree = "<group>"; };
		8AEC2C811F169C23008DF3BB /* Profile.storyboard */ = {isa = PBXFileReference; fileEncoding = 4; lastKnownFileType = file.storyboard; path = Profile.storyboard; sourceTree = "<group>"; };
		8AEC2C821F169C23008DF3BB /* Stories.storyboard */ = {isa = PBXFileReference; fileEncoding = 4; lastKnownFileType = file.storyboard; path = Stories.storyboard; sourceTree = "<group>"; };
		8AEC2C8B1F169DFE008DF3BB /* Storyboards.swift */ = {isa = PBXFileReference; fileEncoding = 4; lastKnownFileType = sourcecode.swift; path = Storyboards.swift; sourceTree = "<group>"; };
		D90A0F871F01F32E00BFCE90 /* MenuBar.swift */ = {isa = PBXFileReference; fileEncoding = 4; lastKnownFileType = sourcecode.swift; path = MenuBar.swift; sourceTree = "<group>"; };
		D90BF05D1F0D6752003B5F4D /* MyStoriesViewController.swift */ = {isa = PBXFileReference; fileEncoding = 4; lastKnownFileType = sourcecode.swift; path = MyStoriesViewController.swift; sourceTree = "<group>"; };
		D90BF0601F0D7DF5003B5F4D /* StoriesTableViewCell.swift */ = {isa = PBXFileReference; fileEncoding = 4; lastKnownFileType = sourcecode.swift; path = StoriesTableViewCell.swift; sourceTree = "<group>"; };
		D90BF0611F0D7DF5003B5F4D /* StoriesTableViewCell.xib */ = {isa = PBXFileReference; fileEncoding = 4; lastKnownFileType = file.xib; path = StoriesTableViewCell.xib; sourceTree = "<group>"; };
		D90DF8421F156A97002DD501 /* CameraView.swift */ = {isa = PBXFileReference; fileEncoding = 4; lastKnownFileType = sourcecode.swift; path = CameraView.swift; sourceTree = "<group>"; };
		D90DF8441F157E64002DD501 /* VideoView.swift */ = {isa = PBXFileReference; fileEncoding = 4; lastKnownFileType = sourcecode.swift; path = VideoView.swift; sourceTree = "<group>"; };
		D91C3ADB1F001584005F945C /* KBTextField.swift */ = {isa = PBXFileReference; fileEncoding = 4; lastKnownFileType = sourcecode.swift; path = KBTextField.swift; sourceTree = "<group>"; };
		D91C3AE01F001D78005F945C /* IQNSArray+Sort.swift */ = {isa = PBXFileReference; fileEncoding = 4; lastKnownFileType = sourcecode.swift; path = "IQNSArray+Sort.swift"; sourceTree = "<group>"; };
		D91C3AE11F001D78005F945C /* IQUIScrollView+Additions.swift */ = {isa = PBXFileReference; fileEncoding = 4; lastKnownFileType = sourcecode.swift; path = "IQUIScrollView+Additions.swift"; sourceTree = "<group>"; };
		D91C3AE21F001D78005F945C /* IQUITextFieldView+Additions.swift */ = {isa = PBXFileReference; fileEncoding = 4; lastKnownFileType = sourcecode.swift; path = "IQUITextFieldView+Additions.swift"; sourceTree = "<group>"; };
		D91C3AE31F001D78005F945C /* IQUIView+Hierarchy.swift */ = {isa = PBXFileReference; fileEncoding = 4; lastKnownFileType = sourcecode.swift; path = "IQUIView+Hierarchy.swift"; sourceTree = "<group>"; };
		D91C3AE41F001D78005F945C /* IQUIViewController+Additions.swift */ = {isa = PBXFileReference; fileEncoding = 4; lastKnownFileType = sourcecode.swift; path = "IQUIViewController+Additions.swift"; sourceTree = "<group>"; };
		D91C3AE51F001D78005F945C /* IQUIWindow+Hierarchy.swift */ = {isa = PBXFileReference; fileEncoding = 4; lastKnownFileType = sourcecode.swift; path = "IQUIWindow+Hierarchy.swift"; sourceTree = "<group>"; };
		D91C3AE71F001D78005F945C /* IQKeyboardManagerConstants.swift */ = {isa = PBXFileReference; fileEncoding = 4; lastKnownFileType = sourcecode.swift; path = IQKeyboardManagerConstants.swift; sourceTree = "<group>"; };
		D91C3AE81F001D78005F945C /* IQKeyboardManagerConstantsInternal.swift */ = {isa = PBXFileReference; fileEncoding = 4; lastKnownFileType = sourcecode.swift; path = IQKeyboardManagerConstantsInternal.swift; sourceTree = "<group>"; };
		D91C3AE91F001D78005F945C /* IQKeyboardManager.swift */ = {isa = PBXFileReference; fileEncoding = 4; lastKnownFileType = sourcecode.swift; path = IQKeyboardManager.swift; sourceTree = "<group>"; };
		D91C3AEA1F001D78005F945C /* IQKeyboardReturnKeyHandler.swift */ = {isa = PBXFileReference; fileEncoding = 4; lastKnownFileType = sourcecode.swift; path = IQKeyboardReturnKeyHandler.swift; sourceTree = "<group>"; };
		D91C3AEC1F001D78005F945C /* IQTextView.swift */ = {isa = PBXFileReference; fileEncoding = 4; lastKnownFileType = sourcecode.swift; path = IQTextView.swift; sourceTree = "<group>"; };
		D91C3AEE1F001D78005F945C /* IQBarButtonItem.swift */ = {isa = PBXFileReference; fileEncoding = 4; lastKnownFileType = sourcecode.swift; path = IQBarButtonItem.swift; sourceTree = "<group>"; };
		D91C3AEF1F001D78005F945C /* IQPreviousNextView.swift */ = {isa = PBXFileReference; fileEncoding = 4; lastKnownFileType = sourcecode.swift; path = IQPreviousNextView.swift; sourceTree = "<group>"; };
		D91C3AF01F001D78005F945C /* IQTitleBarButtonItem.swift */ = {isa = PBXFileReference; fileEncoding = 4; lastKnownFileType = sourcecode.swift; path = IQTitleBarButtonItem.swift; sourceTree = "<group>"; };
		D91C3AF11F001D78005F945C /* IQToolbar.swift */ = {isa = PBXFileReference; fileEncoding = 4; lastKnownFileType = sourcecode.swift; path = IQToolbar.swift; sourceTree = "<group>"; };
		D91C3AF21F001D78005F945C /* IQUIView+IQKeyboardToolbar.swift */ = {isa = PBXFileReference; fileEncoding = 4; lastKnownFileType = sourcecode.swift; path = "IQUIView+IQKeyboardToolbar.swift"; sourceTree = "<group>"; };
		D91C3AF41F001D78005F945C /* IQKeyboardManager.bundle */ = {isa = PBXFileReference; lastKnownFileType = "wrapper.plug-in"; path = IQKeyboardManager.bundle; sourceTree = "<group>"; };
		D91C3B061F003986005F945C /* SignUpViewController.swift */ = {isa = PBXFileReference; fileEncoding = 4; lastKnownFileType = sourcecode.swift; path = SignUpViewController.swift; sourceTree = "<group>"; };
		D91C3B091F003DB5005F945C /* ParentViewController.swift */ = {isa = PBXFileReference; fileEncoding = 4; lastKnownFileType = sourcecode.swift; path = ParentViewController.swift; sourceTree = "<group>"; };
		D92070DC1EF98FDC0095B9FA /* LoginViewController.swift */ = {isa = PBXFileReference; fileEncoding = 4; lastKnownFileType = sourcecode.swift; path = LoginViewController.swift; sourceTree = "<group>"; };
		D926C8961F23E8940090B621 /* StoriesViewController.swift */ = {isa = PBXFileReference; fileEncoding = 4; lastKnownFileType = sourcecode.swift; path = StoriesViewController.swift; sourceTree = "<group>"; };
		D95181A51F180776008595CC /* LiveFeed.storyboard */ = {isa = PBXFileReference; fileEncoding = 4; lastKnownFileType = file.storyboard; path = LiveFeed.storyboard; sourceTree = "<group>"; };
		D95181A71F180ADE008595CC /* PhotoAlbum.storyboard */ = {isa = PBXFileReference; fileEncoding = 4; lastKnownFileType = file.storyboard; path = PhotoAlbum.storyboard; sourceTree = "<group>"; };
		D95181A91F180C37008595CC /* LiveFeedsViewController.swift */ = {isa = PBXFileReference; fileEncoding = 4; lastKnownFileType = sourcecode.swift; path = LiveFeedsViewController.swift; sourceTree = "<group>"; };
		D96366251F02D15400784A58 /* MBProgressHUD.h */ = {isa = PBXFileReference; fileEncoding = 4; lastKnownFileType = sourcecode.c.h; path = MBProgressHUD.h; sourceTree = "<group>"; };
		D96366261F02D15D00784A58 /* MBProgressHUD.m */ = {isa = PBXFileReference; fileEncoding = 4; lastKnownFileType = sourcecode.c.objc; path = MBProgressHUD.m; sourceTree = "<group>"; };
		D96366281F02D21B00784A58 /* Turnstr-Bridging-Header.h */ = {isa = PBXFileReference; fileEncoding = 4; lastKnownFileType = sourcecode.c.h; path = "Turnstr-Bridging-Header.h"; sourceTree = "<group>"; };
		D963662A1F02D33900784A58 /* Reach.swift */ = {isa = PBXFileReference; fileEncoding = 4; lastKnownFileType = sourcecode.swift; path = Reach.swift; sourceTree = "<group>"; };
		D963662C1F02D62600784A58 /* APIManager.swift */ = {isa = PBXFileReference; fileEncoding = 4; lastKnownFileType = sourcecode.swift; path = APIManager.swift; sourceTree = "<group>"; };
		D963662E1F02D74E00784A58 /* WebServices.swift */ = {isa = PBXFileReference; fileEncoding = 4; lastKnownFileType = sourcecode.swift; path = WebServices.swift; sourceTree = "<group>"; };
		D96366301F02D77E00784A58 /* DataServiceModal.swift */ = {isa = PBXFileReference; fileEncoding = 4; lastKnownFileType = sourcecode.swift; path = DataServiceModal.swift; sourceTree = "<group>"; };
		D96366321F02D78500784A58 /* Singleton.swift */ = {isa = PBXFileReference; fileEncoding = 4; lastKnownFileType = sourcecode.swift; path = Singleton.swift; sourceTree = "<group>"; };
		D96366341F02FCBC00784A58 /* EditProfileCell.swift */ = {isa = PBXFileReference; fileEncoding = 4; lastKnownFileType = sourcecode.swift; path = EditProfileCell.swift; sourceTree = "<group>"; };
		D96366351F02FCBC00784A58 /* EditProfileCell.xib */ = {isa = PBXFileReference; fileEncoding = 4; lastKnownFileType = file.xib; path = EditProfileCell.xib; sourceTree = "<group>"; };
		D96366391F03343900784A58 /* PickerView.swift */ = {isa = PBXFileReference; fileEncoding = 4; lastKnownFileType = sourcecode.swift; path = PickerView.swift; sourceTree = "<group>"; };
		D963663C1F035BD100784A58 /* MKAnnotationView+WebCache.h */ = {isa = PBXFileReference; fileEncoding = 4; lastKnownFileType = sourcecode.c.h; path = "MKAnnotationView+WebCache.h"; sourceTree = "<group>"; };
		D963663D1F035BD100784A58 /* MKAnnotationView+WebCache.m */ = {isa = PBXFileReference; fileEncoding = 4; lastKnownFileType = sourcecode.c.objc; path = "MKAnnotationView+WebCache.m"; sourceTree = "<group>"; };
		D963663E1F035BD100784A58 /* NSData+ImageContentType.h */ = {isa = PBXFileReference; fileEncoding = 4; lastKnownFileType = sourcecode.c.h; path = "NSData+ImageContentType.h"; sourceTree = "<group>"; };
		D963663F1F035BD100784A58 /* NSData+ImageContentType.m */ = {isa = PBXFileReference; fileEncoding = 4; lastKnownFileType = sourcecode.c.objc; path = "NSData+ImageContentType.m"; sourceTree = "<group>"; };
		D96366401F035BD100784A58 /* SDImageCache.h */ = {isa = PBXFileReference; fileEncoding = 4; lastKnownFileType = sourcecode.c.h; path = SDImageCache.h; sourceTree = "<group>"; };
		D96366411F035BD100784A58 /* SDImageCache.m */ = {isa = PBXFileReference; fileEncoding = 4; lastKnownFileType = sourcecode.c.objc; path = SDImageCache.m; sourceTree = "<group>"; };
		D96366421F035BD100784A58 /* SDWebImageCompat.h */ = {isa = PBXFileReference; fileEncoding = 4; lastKnownFileType = sourcecode.c.h; path = SDWebImageCompat.h; sourceTree = "<group>"; };
		D96366431F035BD100784A58 /* SDWebImageCompat.m */ = {isa = PBXFileReference; fileEncoding = 4; lastKnownFileType = sourcecode.c.objc; path = SDWebImageCompat.m; sourceTree = "<group>"; };
		D96366441F035BD100784A58 /* SDWebImageDecoder.h */ = {isa = PBXFileReference; fileEncoding = 4; lastKnownFileType = sourcecode.c.h; path = SDWebImageDecoder.h; sourceTree = "<group>"; };
		D96366451F035BD100784A58 /* SDWebImageDecoder.m */ = {isa = PBXFileReference; fileEncoding = 4; lastKnownFileType = sourcecode.c.objc; path = SDWebImageDecoder.m; sourceTree = "<group>"; };
		D96366461F035BD100784A58 /* SDWebImageDownloader.h */ = {isa = PBXFileReference; fileEncoding = 4; lastKnownFileType = sourcecode.c.h; path = SDWebImageDownloader.h; sourceTree = "<group>"; };
		D96366471F035BD100784A58 /* SDWebImageDownloader.m */ = {isa = PBXFileReference; fileEncoding = 4; lastKnownFileType = sourcecode.c.objc; path = SDWebImageDownloader.m; sourceTree = "<group>"; };
		D96366481F035BD100784A58 /* SDWebImageDownloaderOperation.h */ = {isa = PBXFileReference; fileEncoding = 4; lastKnownFileType = sourcecode.c.h; path = SDWebImageDownloaderOperation.h; sourceTree = "<group>"; };
		D96366491F035BD100784A58 /* SDWebImageDownloaderOperation.m */ = {isa = PBXFileReference; fileEncoding = 4; lastKnownFileType = sourcecode.c.objc; path = SDWebImageDownloaderOperation.m; sourceTree = "<group>"; };
		D963664A1F035BD100784A58 /* SDWebImageManager.h */ = {isa = PBXFileReference; fileEncoding = 4; lastKnownFileType = sourcecode.c.h; path = SDWebImageManager.h; sourceTree = "<group>"; };
		D963664B1F035BD100784A58 /* SDWebImageManager.m */ = {isa = PBXFileReference; fileEncoding = 4; lastKnownFileType = sourcecode.c.objc; path = SDWebImageManager.m; sourceTree = "<group>"; };
		D963664C1F035BD100784A58 /* SDWebImageOperation.h */ = {isa = PBXFileReference; fileEncoding = 4; lastKnownFileType = sourcecode.c.h; path = SDWebImageOperation.h; sourceTree = "<group>"; };
		D963664D1F035BD100784A58 /* SDWebImagePrefetcher.h */ = {isa = PBXFileReference; fileEncoding = 4; lastKnownFileType = sourcecode.c.h; path = SDWebImagePrefetcher.h; sourceTree = "<group>"; };
		D963664E1F035BD100784A58 /* SDWebImagePrefetcher.m */ = {isa = PBXFileReference; fileEncoding = 4; lastKnownFileType = sourcecode.c.objc; path = SDWebImagePrefetcher.m; sourceTree = "<group>"; };
		D963664F1F035BD100784A58 /* UIButton+WebCache.h */ = {isa = PBXFileReference; fileEncoding = 4; lastKnownFileType = sourcecode.c.h; path = "UIButton+WebCache.h"; sourceTree = "<group>"; };
		D96366501F035BD100784A58 /* UIButton+WebCache.m */ = {isa = PBXFileReference; fileEncoding = 4; lastKnownFileType = sourcecode.c.objc; path = "UIButton+WebCache.m"; sourceTree = "<group>"; };
		D96366511F035BD100784A58 /* UIImage+GIF.h */ = {isa = PBXFileReference; fileEncoding = 4; lastKnownFileType = sourcecode.c.h; path = "UIImage+GIF.h"; sourceTree = "<group>"; };
		D96366521F035BD100784A58 /* UIImage+GIF.m */ = {isa = PBXFileReference; fileEncoding = 4; lastKnownFileType = sourcecode.c.objc; path = "UIImage+GIF.m"; sourceTree = "<group>"; };
		D96366531F035BD100784A58 /* UIImage+MultiFormat.h */ = {isa = PBXFileReference; fileEncoding = 4; lastKnownFileType = sourcecode.c.h; path = "UIImage+MultiFormat.h"; sourceTree = "<group>"; };
		D96366541F035BD100784A58 /* UIImage+MultiFormat.m */ = {isa = PBXFileReference; fileEncoding = 4; lastKnownFileType = sourcecode.c.objc; path = "UIImage+MultiFormat.m"; sourceTree = "<group>"; };
		D96366551F035BD100784A58 /* UIImage+WebP.h */ = {isa = PBXFileReference; fileEncoding = 4; lastKnownFileType = sourcecode.c.h; path = "UIImage+WebP.h"; sourceTree = "<group>"; };
		D96366561F035BD100784A58 /* UIImage+WebP.m */ = {isa = PBXFileReference; fileEncoding = 4; lastKnownFileType = sourcecode.c.objc; path = "UIImage+WebP.m"; sourceTree = "<group>"; };
		D96366571F035BD100784A58 /* UIImageView+HighlightedWebCache.h */ = {isa = PBXFileReference; fileEncoding = 4; lastKnownFileType = sourcecode.c.h; path = "UIImageView+HighlightedWebCache.h"; sourceTree = "<group>"; };
		D96366581F035BD100784A58 /* UIImageView+HighlightedWebCache.m */ = {isa = PBXFileReference; fileEncoding = 4; lastKnownFileType = sourcecode.c.objc; path = "UIImageView+HighlightedWebCache.m"; sourceTree = "<group>"; };
		D96366591F035BD100784A58 /* UIImageView+WebCache.h */ = {isa = PBXFileReference; fileEncoding = 4; lastKnownFileType = sourcecode.c.h; path = "UIImageView+WebCache.h"; sourceTree = "<group>"; };
		D963665A1F035BD100784A58 /* UIImageView+WebCache.m */ = {isa = PBXFileReference; fileEncoding = 4; lastKnownFileType = sourcecode.c.objc; path = "UIImageView+WebCache.m"; sourceTree = "<group>"; };
		D963665B1F035BD100784A58 /* UIView+WebCacheOperation.h */ = {isa = PBXFileReference; fileEncoding = 4; lastKnownFileType = sourcecode.c.h; path = "UIView+WebCacheOperation.h"; sourceTree = "<group>"; };
		D963665C1F035BD100784A58 /* UIView+WebCacheOperation.m */ = {isa = PBXFileReference; fileEncoding = 4; lastKnownFileType = sourcecode.c.objc; path = "UIView+WebCacheOperation.m"; sourceTree = "<group>"; };
		D96B48E61F145A7400621B39 /* Loader.swift */ = {isa = PBXFileReference; fileEncoding = 4; lastKnownFileType = sourcecode.swift; path = Loader.swift; sourceTree = "<group>"; };
		D96B48E91F146D6E00621B39 /* NewStoryPopUp.swift */ = {isa = PBXFileReference; fileEncoding = 4; lastKnownFileType = sourcecode.swift; path = NewStoryPopUp.swift; sourceTree = "<group>"; };
		D96B48EB1F146D7B00621B39 /* NewStoryPopUp.xib */ = {isa = PBXFileReference; fileEncoding = 4; lastKnownFileType = file.xib; path = NewStoryPopUp.xib; sourceTree = "<group>"; };
		D96B48EE1F1472D600621B39 /* CustomAlertView.swift */ = {isa = PBXFileReference; fileEncoding = 4; lastKnownFileType = sourcecode.swift; path = CustomAlertView.swift; sourceTree = "<group>"; };
		D9AC62B31F018F3A0055ED3D /* EditProfileHeader.swift */ = {isa = PBXFileReference; fileEncoding = 4; lastKnownFileType = sourcecode.swift; path = EditProfileHeader.swift; sourceTree = "<group>"; };
		D9AC62B51F018F470055ED3D /* EditProfileHeader.xib */ = {isa = PBXFileReference; fileEncoding = 4; lastKnownFileType = file.xib; path = EditProfileHeader.xib; sourceTree = "<group>"; };
		D9AC62B81F018FC90055ED3D /* AppFont.swift */ = {isa = PBXFileReference; fileEncoding = 4; lastKnownFileType = sourcecode.swift; path = AppFont.swift; sourceTree = "<group>"; };
		D9AC62BA1F018FC90055ED3D /* CellIdentifiers.swift */ = {isa = PBXFileReference; fileEncoding = 4; lastKnownFileType = sourcecode.swift; path = CellIdentifiers.swift; sourceTree = "<group>"; };
		D9AC62BB1F018FC90055ED3D /* CommonEnums.swift */ = {isa = PBXFileReference; fileEncoding = 4; lastKnownFileType = sourcecode.swift; path = CommonEnums.swift; sourceTree = "<group>"; };
		D9AC62BC1F018FC90055ED3D /* Device.swift */ = {isa = PBXFileReference; fileEncoding = 4; lastKnownFileType = sourcecode.swift; path = Device.swift; sourceTree = "<group>"; };
		D9AC62BF1F018FC90055ED3D /* UDData.swift */ = {isa = PBXFileReference; fileEncoding = 4; lastKnownFileType = sourcecode.swift; path = UDData.swift; sourceTree = "<group>"; };
		D9AC62CC1F0191100055ED3D /* ColorExtension.swift */ = {isa = PBXFileReference; fileEncoding = 4; lastKnownFileType = sourcecode.swift; path = ColorExtension.swift; sourceTree = "<group>"; };
		D9AC62CD1F0191100055ED3D /* DateExtension.swift */ = {isa = PBXFileReference; fileEncoding = 4; lastKnownFileType = sourcecode.swift; path = DateExtension.swift; sourceTree = "<group>"; };
		D9AC62CF1F0191100055ED3D /* StringExtensions.swift */ = {isa = PBXFileReference; fileEncoding = 4; lastKnownFileType = sourcecode.swift; path = StringExtensions.swift; sourceTree = "<group>"; };
		D9AC62D01F0191100055ED3D /* UIButtonExtension.swift */ = {isa = PBXFileReference; fileEncoding = 4; lastKnownFileType = sourcecode.swift; path = UIButtonExtension.swift; sourceTree = "<group>"; };
		D9AC62D21F0191100055ED3D /* UIWindowExtension.swift */ = {isa = PBXFileReference; fileEncoding = 4; lastKnownFileType = sourcecode.swift; path = UIWindowExtension.swift; sourceTree = "<group>"; };
		D9AC62D31F0191100055ED3D /* VCExtensions.swift */ = {isa = PBXFileReference; fileEncoding = 4; lastKnownFileType = sourcecode.swift; path = VCExtensions.swift; sourceTree = "<group>"; };
		D9AC62DD1F01913C0055ED3D /* CaptureImage.swift */ = {isa = PBXFileReference; fileEncoding = 4; lastKnownFileType = sourcecode.swift; path = CaptureImage.swift; sourceTree = "<group>"; };
		D9AC62E01F01917A0055ED3D /* KBLoader.swift */ = {isa = PBXFileReference; fileEncoding = 4; lastKnownFileType = sourcecode.swift; path = KBLoader.swift; sourceTree = "<group>"; };
		D9AC62E11F01917A0055ED3D /* KBLog.swift */ = {isa = PBXFileReference; fileEncoding = 4; lastKnownFileType = sourcecode.swift; path = KBLog.swift; sourceTree = "<group>"; };
		D9AC62E21F01917A0055ED3D /* workloader.gif */ = {isa = PBXFileReference; lastKnownFileType = image.gif; path = workloader.gif; sourceTree = "<group>"; };
		D9AC62FD1F01995C0055ED3D /* LocalizedStrings.swift */ = {isa = PBXFileReference; fileEncoding = 4; lastKnownFileType = sourcecode.swift; path = LocalizedStrings.swift; sourceTree = "<group>"; };
		D9AC62FF1F019A050055ED3D /* NSObjectExtensions.swift */ = {isa = PBXFileReference; fileEncoding = 4; lastKnownFileType = sourcecode.swift; path = NSObjectExtensions.swift; sourceTree = "<group>"; };
		D9AC63021F019E350055ED3D /* EditProfileViewController.swift */ = {isa = PBXFileReference; fileEncoding = 4; lastKnownFileType = sourcecode.swift; path = EditProfileViewController.swift; sourceTree = "<group>"; };
		D9D36B5E1F110B6D000C66CD /* Story.swift */ = {isa = PBXFileReference; fileEncoding = 4; lastKnownFileType = sourcecode.swift; path = Story.swift; sourceTree = "<group>"; };
		D9D3DF4D1F1130E100173FFD /* CameraViewController.swift */ = {isa = PBXFileReference; fileEncoding = 4; lastKnownFileType = sourcecode.swift; path = CameraViewController.swift; sourceTree = "<group>"; };
		D9D3DF4E1F1130E100173FFD /* CameraViewController.xib */ = {isa = PBXFileReference; fileEncoding = 4; lastKnownFileType = file.xib; path = CameraViewController.xib; sourceTree = "<group>"; };
		D9FA59D81F0F26FC001A38B6 /* CubePageView.h */ = {isa = PBXFileReference; fileEncoding = 4; lastKnownFileType = sourcecode.c.h; path = CubePageView.h; sourceTree = "<group>"; };
		D9FA59D91F0F26FC001A38B6 /* CubePageView.m */ = {isa = PBXFileReference; fileEncoding = 4; lastKnownFileType = sourcecode.c.objc; path = CubePageView.m; sourceTree = "<group>"; };
		D9FA59DB1F0F3365001A38B6 /* StoryPreviewViewController.swift */ = {isa = PBXFileReference; fileEncoding = 4; lastKnownFileType = sourcecode.swift; path = StoryPreviewViewController.swift; sourceTree = "<group>"; };
		D9FDE60E1EC2263C009D5BE3 /* Turnstr.app */ = {isa = PBXFileReference; explicitFileType = wrapper.application; includeInIndex = 0; path = Turnstr.app; sourceTree = BUILT_PRODUCTS_DIR; };
		D9FDE6111EC2263C009D5BE3 /* AppDelegate.swift */ = {isa = PBXFileReference; lastKnownFileType = sourcecode.swift; path = AppDelegate.swift; sourceTree = "<group>"; };
		D9FDE6181EC2263C009D5BE3 /* Assets.xcassets */ = {isa = PBXFileReference; lastKnownFileType = folder.assetcatalog; path = Assets.xcassets; sourceTree = "<group>"; };
		D9FDE61D1EC2263C009D5BE3 /* Info.plist */ = {isa = PBXFileReference; lastKnownFileType = text.plist.xml; path = Info.plist; sourceTree = "<group>"; };
		D9FDE6241EC226B2009D5BE3 /* CoreGraphics.framework */ = {isa = PBXFileReference; lastKnownFileType = wrapper.framework; name = CoreGraphics.framework; path = System/Library/Frameworks/CoreGraphics.framework; sourceTree = SDKROOT; };
		D9FDE6261EC226BB009D5BE3 /* QuartzCore.framework */ = {isa = PBXFileReference; lastKnownFileType = wrapper.framework; name = QuartzCore.framework; path = System/Library/Frameworks/QuartzCore.framework; sourceTree = SDKROOT; };
		D9FDE62E1EC22947009D5BE3 /* Trackball.h */ = {isa = PBXFileReference; fileEncoding = 4; lastKnownFileType = sourcecode.c.h; path = Trackball.h; sourceTree = "<group>"; };
		D9FDE6301EC22950009D5BE3 /* Trackball.m */ = {isa = PBXFileReference; fileEncoding = 4; lastKnownFileType = sourcecode.c.objc; path = Trackball.m; sourceTree = "<group>"; };
		D9FDE6321EC2296D009D5BE3 /* AITransformView.h */ = {isa = PBXFileReference; fileEncoding = 4; lastKnownFileType = sourcecode.c.h; path = AITransformView.h; sourceTree = "<group>"; };
		D9FDE6331EC2296D009D5BE3 /* AITransformView.m */ = {isa = PBXFileReference; fileEncoding = 4; lastKnownFileType = sourcecode.c.objc; path = AITransformView.m; sourceTree = "<group>"; };
		D9FDE6361EC22A76009D5BE3 /* HomeViewController.swift */ = {isa = PBXFileReference; fileEncoding = 4; lastKnownFileType = sourcecode.swift; path = HomeViewController.swift; sourceTree = "<group>"; };
		D9FDE6391EC22C55009D5BE3 /* Enums.swift */ = {isa = PBXFileReference; fileEncoding = 4; lastKnownFileType = sourcecode.swift; path = Enums.swift; sourceTree = "<group>"; };
		D9FDE63A1EC22C55009D5BE3 /* Header.swift */ = {isa = PBXFileReference; fileEncoding = 4; lastKnownFileType = sourcecode.swift; path = Header.swift; sourceTree = "<group>"; };
		D9FDE63B1EC22C55009D5BE3 /* Utility.swift */ = {isa = PBXFileReference; fileEncoding = 4; lastKnownFileType = sourcecode.swift; path = Utility.swift; sourceTree = "<group>"; };
		D9FDE6401EC236F5009D5BE3 /* button.swift */ = {isa = PBXFileReference; fileEncoding = 4; lastKnownFileType = sourcecode.swift; path = button.swift; sourceTree = "<group>"; };
		D9FDE6411EC236F5009D5BE3 /* Image.swift */ = {isa = PBXFileReference; fileEncoding = 4; lastKnownFileType = sourcecode.swift; path = Image.swift; sourceTree = "<group>"; };
		D9FDE6421EC236F5009D5BE3 /* scroll.swift */ = {isa = PBXFileReference; fileEncoding = 4; lastKnownFileType = sourcecode.swift; path = scroll.swift; sourceTree = "<group>"; };
		D9FDE6431EC236F5009D5BE3 /* textField.swift */ = {isa = PBXFileReference; fileEncoding = 4; lastKnownFileType = sourcecode.swift; path = textField.swift; sourceTree = "<group>"; };
		D9FDE6441EC236F5009D5BE3 /* view.swift */ = {isa = PBXFileReference; fileEncoding = 4; lastKnownFileType = sourcecode.swift; path = view.swift; sourceTree = "<group>"; };
		D9FDE6571EC25821009D5BE3 /* img.png */ = {isa = PBXFileReference; lastKnownFileType = image.png; path = img.png; sourceTree = "<group>"; };
		D9FDE6591EC2586E009D5BE3 /* img2.png */ = {isa = PBXFileReference; lastKnownFileType = image.png; path = img2.png; sourceTree = "<group>"; };
		D9FDE65A1EC2586E009D5BE3 /* img3.png */ = {isa = PBXFileReference; lastKnownFileType = image.png; path = img3.png; sourceTree = "<group>"; };
		D9FDE65B1EC2586E009D5BE3 /* img4.png */ = {isa = PBXFileReference; lastKnownFileType = image.png; path = img4.png; sourceTree = "<group>"; };
		D9FDE65C1EC2586E009D5BE3 /* img5.png */ = {isa = PBXFileReference; lastKnownFileType = image.png; path = img5.png; sourceTree = "<group>"; };
		D9FDE65D1EC2586E009D5BE3 /* img6.png */ = {isa = PBXFileReference; lastKnownFileType = image.png; path = img6.png; sourceTree = "<group>"; };
/* End PBXFileReference section */

/* Begin PBXFrameworksBuildPhase section */
		D9FDE60B1EC2263C009D5BE3 /* Frameworks */ = {
			isa = PBXFrameworksBuildPhase;
			buildActionMask = 2147483647;
			files = (
				D9FDE6271EC226BB009D5BE3 /* QuartzCore.framework in Frameworks */,
				D9FDE6251EC226B2009D5BE3 /* CoreGraphics.framework in Frameworks */,
				E774B7318AC8024A4F9A707A /* Pods_Turnstr.framework in Frameworks */,
			);
			runOnlyForDeploymentPostprocessing = 0;
		};
/* End PBXFrameworksBuildPhase section */

/* Begin PBXGroup section */
		0D9713B9157222A2102022FC /* Pods */ = {
			isa = PBXGroup;
			children = (
				4C47722425C11F466B24548F /* Pods-Turnstr.debug.xcconfig */,
				4AC6FD96D7C11DE3F0F2CCC3 /* Pods-Turnstr.release.xcconfig */,
			);
			name = Pods;
			sourceTree = "<group>";
		};
		7E4E57551F1FC16400FCD758 /* PhotoAlbum */ = {
			isa = PBXGroup;
			children = (
				7E4E57561F1FC16400FCD758 /* CommentsViewController.swift */,
				7E4E57571F1FC16400FCD758 /* PhotoDetailViewController.swift */,
				7E4E57581F1FC16400FCD758 /* PhotoLibraryViewController.swift */,
				7E4E57591F1FC16400FCD758 /* PhotosViewController.swift */,
			);
			path = PhotoAlbum;
			sourceTree = "<group>";
		};
		8AEC2C7A1F169C23008DF3BB /* Storyboards */ = {
			isa = PBXGroup;
			children = (
				D95181A71F180ADE008595CC /* PhotoAlbum.storyboard */,
				D95181A51F180776008595CC /* LiveFeed.storyboard */,
				8AEC2C7B1F169C23008DF3BB /* Chat.storyboard */,
				8AEC2C7C1F169C23008DF3BB /* LaunchScreen.storyboard */,
				8AEC2C7E1F169C23008DF3BB /* Login.storyboard */,
				8AEC2C7F1F169C23008DF3BB /* Main.storyboard */,
				8AEC2C811F169C23008DF3BB /* Profile.storyboard */,
				8AEC2C821F169C23008DF3BB /* Stories.storyboard */,
			);
			path = Storyboards;
			sourceTree = "<group>";
		};
		D90A0F861F01F32E00BFCE90 /* NavBar */ = {
			isa = PBXGroup;
			children = (
				D90A0F871F01F32E00BFCE90 /* MenuBar.swift */,
			);
			path = NavBar;
			sourceTree = "<group>";
		};
		D90BF05F1F0D7DD1003B5F4D /* Cell */ = {
			isa = PBXGroup;
			children = (
				D90BF0601F0D7DF5003B5F4D /* StoriesTableViewCell.swift */,
				D90BF0611F0D7DF5003B5F4D /* StoriesTableViewCell.xib */,
			);
			path = Cell;
			sourceTree = "<group>";
		};
		D91C3ADD1F001D70005F945C /* Library */ = {
			isa = PBXGroup;
			children = (
				D96B48ED1F1472D600621B39 /* CustomAlertView */,
				D963663B1F035BD100784A58 /* SDWebImage */,
				D96366291F02D33900784A58 /* Reachablity */,
				D963661E1F02D0B200784A58 /* Loaders */,
				D91C3ADE1F001D78005F945C /* IQKeyboardManagerSwift */,
			);
			path = Library;
			sourceTree = "<group>";
		};
		D91C3ADE1F001D78005F945C /* IQKeyboardManagerSwift */ = {
			isa = PBXGroup;
			children = (
				D91C3ADF1F001D78005F945C /* Categories */,
				D91C3AE61F001D78005F945C /* Constants */,
				D91C3AE91F001D78005F945C /* IQKeyboardManager.swift */,
				D91C3AEA1F001D78005F945C /* IQKeyboardReturnKeyHandler.swift */,
				D91C3AEB1F001D78005F945C /* IQTextView */,
				D91C3AED1F001D78005F945C /* IQToolbar */,
				D91C3AF31F001D78005F945C /* Resources */,
			);
			path = IQKeyboardManagerSwift;
			sourceTree = "<group>";
		};
		D91C3ADF1F001D78005F945C /* Categories */ = {
			isa = PBXGroup;
			children = (
				D91C3AE01F001D78005F945C /* IQNSArray+Sort.swift */,
				D91C3AE11F001D78005F945C /* IQUIScrollView+Additions.swift */,
				D91C3AE21F001D78005F945C /* IQUITextFieldView+Additions.swift */,
				D91C3AE31F001D78005F945C /* IQUIView+Hierarchy.swift */,
				D91C3AE41F001D78005F945C /* IQUIViewController+Additions.swift */,
				D91C3AE51F001D78005F945C /* IQUIWindow+Hierarchy.swift */,
			);
			path = Categories;
			sourceTree = "<group>";
		};
		D91C3AE61F001D78005F945C /* Constants */ = {
			isa = PBXGroup;
			children = (
				D91C3AE71F001D78005F945C /* IQKeyboardManagerConstants.swift */,
				D91C3AE81F001D78005F945C /* IQKeyboardManagerConstantsInternal.swift */,
			);
			path = Constants;
			sourceTree = "<group>";
		};
		D91C3AEB1F001D78005F945C /* IQTextView */ = {
			isa = PBXGroup;
			children = (
				D91C3AEC1F001D78005F945C /* IQTextView.swift */,
			);
			path = IQTextView;
			sourceTree = "<group>";
		};
		D91C3AED1F001D78005F945C /* IQToolbar */ = {
			isa = PBXGroup;
			children = (
				D91C3AEE1F001D78005F945C /* IQBarButtonItem.swift */,
				D91C3AEF1F001D78005F945C /* IQPreviousNextView.swift */,
				D91C3AF01F001D78005F945C /* IQTitleBarButtonItem.swift */,
				D91C3AF11F001D78005F945C /* IQToolbar.swift */,
				D91C3AF21F001D78005F945C /* IQUIView+IQKeyboardToolbar.swift */,
			);
			path = IQToolbar;
			sourceTree = "<group>";
		};
		D91C3AF31F001D78005F945C /* Resources */ = {
			isa = PBXGroup;
			children = (
				D91C3AF41F001D78005F945C /* IQKeyboardManager.bundle */,
			);
			path = Resources;
			sourceTree = "<group>";
		};
		D91C3B081F003DA4005F945C /* ParentVC */ = {
			isa = PBXGroup;
			children = (
				D91C3B091F003DB5005F945C /* ParentViewController.swift */,
			);
			path = ParentVC;
			sourceTree = "<group>";
		};
		D92070D81EF98F720095B9FA /* SignIn_Up */ = {
			isa = PBXGroup;
			children = (
				D92070DC1EF98FDC0095B9FA /* LoginViewController.swift */,
				D91C3B061F003986005F945C /* SignUpViewController.swift */,
			);
			path = SignIn_Up;
			sourceTree = "<group>";
		};
		D963661D1F02D07E00784A58 /* WebServices */ = {
			isa = PBXGroup;
			children = (
				D963662E1F02D74E00784A58 /* WebServices.swift */,
				D963662C1F02D62600784A58 /* APIManager.swift */,
			);
			path = WebServices;
			sourceTree = "<group>";
		};
		D963661E1F02D0B200784A58 /* Loaders */ = {
			isa = PBXGroup;
			children = (
				D96B48E61F145A7400621B39 /* Loader.swift */,
				D96366251F02D15400784A58 /* MBProgressHUD.h */,
				D96366261F02D15D00784A58 /* MBProgressHUD.m */,
			);
			path = Loaders;
			sourceTree = "<group>";
		};
		D96366291F02D33900784A58 /* Reachablity */ = {
			isa = PBXGroup;
			children = (
				D963662A1F02D33900784A58 /* Reach.swift */,
			);
			path = Reachablity;
			sourceTree = "<group>";
		};
		D96366381F03343900784A58 /* PickerView */ = {
			isa = PBXGroup;
			children = (
				D96366391F03343900784A58 /* PickerView.swift */,
			);
			path = PickerView;
			sourceTree = "<group>";
		};
		D963663B1F035BD100784A58 /* SDWebImage */ = {
			isa = PBXGroup;
			children = (
				D963663C1F035BD100784A58 /* MKAnnotationView+WebCache.h */,
				D963663D1F035BD100784A58 /* MKAnnotationView+WebCache.m */,
				D963663E1F035BD100784A58 /* NSData+ImageContentType.h */,
				D963663F1F035BD100784A58 /* NSData+ImageContentType.m */,
				D96366401F035BD100784A58 /* SDImageCache.h */,
				D96366411F035BD100784A58 /* SDImageCache.m */,
				D96366421F035BD100784A58 /* SDWebImageCompat.h */,
				D96366431F035BD100784A58 /* SDWebImageCompat.m */,
				D96366441F035BD100784A58 /* SDWebImageDecoder.h */,
				D96366451F035BD100784A58 /* SDWebImageDecoder.m */,
				D96366461F035BD100784A58 /* SDWebImageDownloader.h */,
				D96366471F035BD100784A58 /* SDWebImageDownloader.m */,
				D96366481F035BD100784A58 /* SDWebImageDownloaderOperation.h */,
				D96366491F035BD100784A58 /* SDWebImageDownloaderOperation.m */,
				D963664A1F035BD100784A58 /* SDWebImageManager.h */,
				D963664B1F035BD100784A58 /* SDWebImageManager.m */,
				D963664C1F035BD100784A58 /* SDWebImageOperation.h */,
				D963664D1F035BD100784A58 /* SDWebImagePrefetcher.h */,
				D963664E1F035BD100784A58 /* SDWebImagePrefetcher.m */,
				D963664F1F035BD100784A58 /* UIButton+WebCache.h */,
				D96366501F035BD100784A58 /* UIButton+WebCache.m */,
				D96366511F035BD100784A58 /* UIImage+GIF.h */,
				D96366521F035BD100784A58 /* UIImage+GIF.m */,
				D96366531F035BD100784A58 /* UIImage+MultiFormat.h */,
				D96366541F035BD100784A58 /* UIImage+MultiFormat.m */,
				D96366551F035BD100784A58 /* UIImage+WebP.h */,
				D96366561F035BD100784A58 /* UIImage+WebP.m */,
				D96366571F035BD100784A58 /* UIImageView+HighlightedWebCache.h */,
				D96366581F035BD100784A58 /* UIImageView+HighlightedWebCache.m */,
				D96366591F035BD100784A58 /* UIImageView+WebCache.h */,
				D963665A1F035BD100784A58 /* UIImageView+WebCache.m */,
				D963665B1F035BD100784A58 /* UIView+WebCacheOperation.h */,
				D963665C1F035BD100784A58 /* UIView+WebCacheOperation.m */,
			);
			path = SDWebImage;
			sourceTree = "<group>";
		};
		D96B48E81F146D4C00621B39 /* Story */ = {
			isa = PBXGroup;
			children = (
				D96B48E91F146D6E00621B39 /* NewStoryPopUp.swift */,
				D96B48EB1F146D7B00621B39 /* NewStoryPopUp.xib */,
				D90DF8421F156A97002DD501 /* CameraView.swift */,
				D90DF8441F157E64002DD501 /* VideoView.swift */,
			);
			path = Story;
			sourceTree = "<group>";
		};
		D96B48ED1F1472D600621B39 /* CustomAlertView */ = {
			isa = PBXGroup;
			children = (
				D96B48EE1F1472D600621B39 /* CustomAlertView.swift */,
			);
			path = CustomAlertView;
			sourceTree = "<group>";
		};
		D9AC62B21F018F050055ED3D /* Profile */ = {
			isa = PBXGroup;
			children = (
				D9AC62B31F018F3A0055ED3D /* EditProfileHeader.swift */,
				D9AC62B51F018F470055ED3D /* EditProfileHeader.xib */,
				D96366341F02FCBC00784A58 /* EditProfileCell.swift */,
				D96366351F02FCBC00784A58 /* EditProfileCell.xib */,
			);
			path = Profile;
			sourceTree = "<group>";
		};
		D9AC62B71F018FC90055ED3D /* Common Functions */ = {
			isa = PBXGroup;
			children = (
				D9AC62B81F018FC90055ED3D /* AppFont.swift */,
				D9AC62BA1F018FC90055ED3D /* CellIdentifiers.swift */,
				D9AC62BB1F018FC90055ED3D /* CommonEnums.swift */,
				D9AC62BC1F018FC90055ED3D /* Device.swift */,
				D9AC62BF1F018FC90055ED3D /* UDData.swift */,
				8AEC2C8B1F169DFE008DF3BB /* Storyboards.swift */,
			);
			path = "Common Functions";
			sourceTree = "<group>";
		};
		D9AC62CB1F0191100055ED3D /* Extensions */ = {
			isa = PBXGroup;
			children = (
				D9AC62FF1F019A050055ED3D /* NSObjectExtensions.swift */,
				D9AC62CC1F0191100055ED3D /* ColorExtension.swift */,
				D9AC62CD1F0191100055ED3D /* DateExtension.swift */,
				D9AC62CF1F0191100055ED3D /* StringExtensions.swift */,
				D9AC62D01F0191100055ED3D /* UIButtonExtension.swift */,
				D9AC62D21F0191100055ED3D /* UIWindowExtension.swift */,
				D9AC62D31F0191100055ED3D /* VCExtensions.swift */,
			);
			path = Extensions;
			sourceTree = "<group>";
		};
		D9AC62DC1F01913C0055ED3D /* Generics */ = {
			isa = PBXGroup;
			children = (
				D9AC62DD1F01913C0055ED3D /* CaptureImage.swift */,
			);
			path = Generics;
			sourceTree = "<group>";
		};
		D9AC62DF1F01917A0055ED3D /* MISC */ = {
			isa = PBXGroup;
			children = (
				D9AC62E01F01917A0055ED3D /* KBLoader.swift */,
				D9AC62E11F01917A0055ED3D /* KBLog.swift */,
				D9AC62E21F01917A0055ED3D /* workloader.gif */,
			);
			path = MISC;
			sourceTree = "<group>";
		};
		D9AC63011F019E060055ED3D /* ProfileVC */ = {
			isa = PBXGroup;
			children = (
				D9AC63021F019E350055ED3D /* EditProfileViewController.swift */,
			);
			path = ProfileVC;
			sourceTree = "<group>";
		};
		D9D3DF4C1F1130CA00173FFD /* CameraVC */ = {
			isa = PBXGroup;
			children = (
				D9D3DF4D1F1130E100173FFD /* CameraViewController.swift */,
				D9D3DF4E1F1130E100173FFD /* CameraViewController.xib */,
			);
			path = CameraVC;
			sourceTree = "<group>";
		};
		D9FDE6051EC2263C009D5BE3 = {
			isa = PBXGroup;
			children = (
				D9FDE6101EC2263C009D5BE3 /* Turnstr */,
				D9FDE60F1EC2263C009D5BE3 /* Products */,
				D9FDE6231EC226B2009D5BE3 /* Frameworks */,
				0D9713B9157222A2102022FC /* Pods */,
			);
			sourceTree = "<group>";
		};
		D9FDE60F1EC2263C009D5BE3 /* Products */ = {
			isa = PBXGroup;
			children = (
				D9FDE60E1EC2263C009D5BE3 /* Turnstr.app */,
			);
			name = Products;
			sourceTree = "<group>";
		};
		D9FDE6101EC2263C009D5BE3 /* Turnstr */ = {
			isa = PBXGroup;
			children = (
				D9FDE64A1EC25561009D5BE3 /* Images */,
				D91C3ADD1F001D70005F945C /* Library */,
				D963661D1F02D07E00784A58 /* WebServices */,
				D9AC62B71F018FC90055ED3D /* Common Functions */,
				D9FDE6381EC22C55009D5BE3 /* Utility */,
				D9FDE6291EC22714009D5BE3 /* Modal */,
				D9FDE62A1EC22714009D5BE3 /* View */,
				D9FDE6281EC22714009D5BE3 /* Controllers */,
				8AEC2C7A1F169C23008DF3BB /* Storyboards */,
				D9FDE6111EC2263C009D5BE3 /* AppDelegate.swift */,
				8AEC2C741F1693E9008DF3BB /* TabbarController.swift */,
				D9FDE6181EC2263C009D5BE3 /* Assets.xcassets */,
				D9FDE61D1EC2263C009D5BE3 /* Info.plist */,
				D96366281F02D21B00784A58 /* Turnstr-Bridging-Header.h */,
			);
			path = Turnstr;
			sourceTree = "<group>";
		};
		D9FDE6231EC226B2009D5BE3 /* Frameworks */ = {
			isa = PBXGroup;
			children = (
				D9FDE6261EC226BB009D5BE3 /* QuartzCore.framework */,
				D9FDE6241EC226B2009D5BE3 /* CoreGraphics.framework */,
				1E49C4DB758F6E2256172E66 /* Pods_Turnstr.framework */,
			);
			name = Frameworks;
			sourceTree = "<group>";
		};
		D9FDE6281EC22714009D5BE3 /* Controllers */ = {
			isa = PBXGroup;
			children = (
				7E4E57551F1FC16400FCD758 /* PhotoAlbum */,
				D91C3B081F003DA4005F945C /* ParentVC */,
				D92070D81EF98F720095B9FA /* SignIn_Up */,
				D9FDE6351EC22A4B009D5BE3 /* HomeScreen */,
				D9AC63011F019E060055ED3D /* ProfileVC */,
				D9D3DF4C1F1130CA00173FFD /* CameraVC */,
			);
			path = Controllers;
			sourceTree = "<group>";
		};
		D9FDE6291EC22714009D5BE3 /* Modal */ = {
			isa = PBXGroup;
			children = (
				D96366321F02D78500784A58 /* Singleton.swift */,
				D96366301F02D77E00784A58 /* DataServiceModal.swift */,
				D9D36B5E1F110B6D000C66CD /* Story.swift */,
				7E4E575E1F1FC1DE00FCD758 /* ServiceUtility.swift */,
				7E4E575F1F1FC1DE00FCD758 /* PhotoAlbum.swift */,
				7E4E57601F1FC1DE00FCD758 /* Photos.swift */,
				7E4E57611F1FC1DE00FCD758 /* KSResponse.swift */,
			);
			path = Modal;
			sourceTree = "<group>";
		};
		D9FDE62A1EC22714009D5BE3 /* View */ = {
			isa = PBXGroup;
			children = (
				D96B48E81F146D4C00621B39 /* Story */,
				D90BF05F1F0D7DD1003B5F4D /* Cell */,
				D96366381F03343900784A58 /* PickerView */,
				D90A0F861F01F32E00BFCE90 /* NavBar */,
				D9AC62B21F018F050055ED3D /* Profile */,
				D9FDE63F1EC236F5009D5BE3 /* Drawing */,
				D9FDE62D1EC22939009D5BE3 /* Cube */,
			);
			path = View;
			sourceTree = "<group>";
		};
		D9FDE62D1EC22939009D5BE3 /* Cube */ = {
			isa = PBXGroup;
			children = (
				D9FA59D81F0F26FC001A38B6 /* CubePageView.h */,
				D9FA59D91F0F26FC001A38B6 /* CubePageView.m */,
				D9FDE62E1EC22947009D5BE3 /* Trackball.h */,
				D9FDE6301EC22950009D5BE3 /* Trackball.m */,
				D9FDE6321EC2296D009D5BE3 /* AITransformView.h */,
				D9FDE6331EC2296D009D5BE3 /* AITransformView.m */,
			);
			path = Cube;
			sourceTree = "<group>";
		};
		D9FDE6351EC22A4B009D5BE3 /* HomeScreen */ = {
			isa = PBXGroup;
			children = (
				D9FDE6361EC22A76009D5BE3 /* HomeViewController.swift */,
				D90BF05D1F0D6752003B5F4D /* MyStoriesViewController.swift */,
				D9FA59DB1F0F3365001A38B6 /* StoryPreviewViewController.swift */,
				D95181A91F180C37008595CC /* LiveFeedsViewController.swift */,
				D926C8961F23E8940090B621 /* StoriesViewController.swift */,
			);
			path = HomeScreen;
			sourceTree = "<group>";
		};
		D9FDE6381EC22C55009D5BE3 /* Utility */ = {
			isa = PBXGroup;
			children = (
				D9AC62DF1F01917A0055ED3D /* MISC */,
				D9AC62DC1F01913C0055ED3D /* Generics */,
				D9AC62CB1F0191100055ED3D /* Extensions */,
				D9FDE6391EC22C55009D5BE3 /* Enums.swift */,
				D9FDE63A1EC22C55009D5BE3 /* Header.swift */,
				D9FDE63B1EC22C55009D5BE3 /* Utility.swift */,
				D9AC62FD1F01995C0055ED3D /* LocalizedStrings.swift */,
			);
			path = Utility;
			sourceTree = "<group>";
		};
		D9FDE63F1EC236F5009D5BE3 /* Drawing */ = {
			isa = PBXGroup;
			children = (
				D91C3ADB1F001584005F945C /* KBTextField.swift */,
				D9FDE6401EC236F5009D5BE3 /* button.swift */,
				D9FDE6411EC236F5009D5BE3 /* Image.swift */,
				D9FDE6421EC236F5009D5BE3 /* scroll.swift */,
				D9FDE6431EC236F5009D5BE3 /* textField.swift */,
				D9FDE6441EC236F5009D5BE3 /* view.swift */,
			);
			path = Drawing;
			sourceTree = "<group>";
		};
		D9FDE64A1EC25561009D5BE3 /* Images */ = {
			isa = PBXGroup;
			children = (
				D9FDE6571EC25821009D5BE3 /* img.png */,
				D9FDE6591EC2586E009D5BE3 /* img2.png */,
				D9FDE65A1EC2586E009D5BE3 /* img3.png */,
				D9FDE65B1EC2586E009D5BE3 /* img4.png */,
				D9FDE65C1EC2586E009D5BE3 /* img5.png */,
				D9FDE65D1EC2586E009D5BE3 /* img6.png */,
			);
			path = Images;
			sourceTree = "<group>";
		};
/* End PBXGroup section */

/* Begin PBXNativeTarget section */
		D9FDE60D1EC2263C009D5BE3 /* Turnstr */ = {
			isa = PBXNativeTarget;
			buildConfigurationList = D9FDE6201EC2263C009D5BE3 /* Build configuration list for PBXNativeTarget "Turnstr" */;
			buildPhases = (
				1A67032FB7BF8B9E7701541C /* [CP] Check Pods Manifest.lock */,
				D9FDE60A1EC2263C009D5BE3 /* Sources */,
				D9FDE60B1EC2263C009D5BE3 /* Frameworks */,
				D9FDE60C1EC2263C009D5BE3 /* Resources */,
				1B3CFA8FA84C59CD45AFDA8C /* [CP] Embed Pods Frameworks */,
				67612EF3DB00522A0201F5B6 /* [CP] Copy Pods Resources */,
			);
			buildRules = (
			);
			dependencies = (
			);
			name = Turnstr;
			productName = Turnstr;
			productReference = D9FDE60E1EC2263C009D5BE3 /* Turnstr.app */;
			productType = "com.apple.product-type.application";
		};
/* End PBXNativeTarget section */

/* Begin PBXProject section */
		D9FDE6061EC2263C009D5BE3 /* Project object */ = {
			isa = PBXProject;
			attributes = {
				LastSwiftUpdateCheck = 0820;
				LastUpgradeCheck = 0820;
				ORGANIZATIONNAME = "Ankit Saini";
				TargetAttributes = {
					D9FDE60D1EC2263C009D5BE3 = {
						CreatedOnToolsVersion = 8.2.1;
						DevelopmentTeam = XXPSXL3JLY;
						LastSwiftMigration = 0820;
						ProvisioningStyle = Manual;
					};
				};
			};
			buildConfigurationList = D9FDE6091EC2263C009D5BE3 /* Build configuration list for PBXProject "Turnstr" */;
			compatibilityVersion = "Xcode 3.2";
			developmentRegion = English;
			hasScannedForEncodings = 0;
			knownRegions = (
				en,
				Base,
			);
			mainGroup = D9FDE6051EC2263C009D5BE3;
			productRefGroup = D9FDE60F1EC2263C009D5BE3 /* Products */;
			projectDirPath = "";
			projectRoot = "";
			targets = (
				D9FDE60D1EC2263C009D5BE3 /* Turnstr */,
			);
		};
/* End PBXProject section */

/* Begin PBXResourcesBuildPhase section */
		D9FDE60C1EC2263C009D5BE3 /* Resources */ = {
			isa = PBXResourcesBuildPhase;
			buildActionMask = 2147483647;
			files = (
				D96B48EC1F146D7B00621B39 /* NewStoryPopUp.xib in Resources */,
				D9FDE6601EC2586E009D5BE3 /* img4.png in Resources */,
				D9D3DF501F1130E100173FFD /* CameraViewController.xib in Resources */,
				8AEC2C831F169C23008DF3BB /* Chat.storyboard in Resources */,
				D95181A61F180776008595CC /* LiveFeed.storyboard in Resources */,
				D91C3B051F001D78005F945C /* IQKeyboardManager.bundle in Resources */,
				D9AC62E51F01917A0055ED3D /* workloader.gif in Resources */,
				D9FDE6621EC2586E009D5BE3 /* img6.png in Resources */,
				D9FDE65E1EC2586E009D5BE3 /* img2.png in Resources */,
				8AEC2C861F169C23008DF3BB /* Login.storyboard in Resources */,
				D9FDE6191EC2263C009D5BE3 /* Assets.xcassets in Resources */,
				8AEC2C8A1F169C23008DF3BB /* Stories.storyboard in Resources */,
				8AEC2C841F169C23008DF3BB /* LaunchScreen.storyboard in Resources */,
				D95181A81F180ADE008595CC /* PhotoAlbum.storyboard in Resources */,
				8AEC2C891F169C23008DF3BB /* Profile.storyboard in Resources */,
				D9AC62B61F018F470055ED3D /* EditProfileHeader.xib in Resources */,
				D90BF0631F0D7DF5003B5F4D /* StoriesTableViewCell.xib in Resources */,
				D9FDE6611EC2586E009D5BE3 /* img5.png in Resources */,
				D9FDE6581EC25821009D5BE3 /* img.png in Resources */,
				D9FDE65F1EC2586E009D5BE3 /* img3.png in Resources */,
				8AEC2C871F169C23008DF3BB /* Main.storyboard in Resources */,
				D96366371F02FCBC00784A58 /* EditProfileCell.xib in Resources */,
			);
			runOnlyForDeploymentPostprocessing = 0;
		};
/* End PBXResourcesBuildPhase section */

/* Begin PBXShellScriptBuildPhase section */
		1A67032FB7BF8B9E7701541C /* [CP] Check Pods Manifest.lock */ = {
			isa = PBXShellScriptBuildPhase;
			buildActionMask = 2147483647;
			files = (
			);
			inputPaths = (
				"${PODS_PODFILE_DIR_PATH}/Podfile.lock",
				"${PODS_ROOT}/Manifest.lock",
			);
			name = "[CP] Check Pods Manifest.lock";
			outputPaths = (
				"$(DERIVED_FILE_DIR)/Pods-Turnstr-checkManifestLockResult.txt",
			);
			runOnlyForDeploymentPostprocessing = 0;
			shellPath = /bin/sh;
			shellScript = "diff \"${PODS_ROOT}/../Podfile.lock\" \"${PODS_ROOT}/Manifest.lock\" > /dev/null\nif [ $? != 0 ] ; then\n    # print error to STDERR\n    echo \"error: The sandbox is not in sync with the Podfile.lock. Run 'pod install' or update your CocoaPods installation.\" >&2\n    exit 1\nfi\n";
			showEnvVarsInLog = 0;
		};
		1B3CFA8FA84C59CD45AFDA8C /* [CP] Embed Pods Frameworks */ = {
			isa = PBXShellScriptBuildPhase;
			buildActionMask = 2147483647;
			files = (
			);
			inputPaths = (
				"${SRCROOT}/Pods/Target Support Files/Pods-Turnstr/Pods-Turnstr-frameworks.sh",
				"${BUILT_PRODUCTS_DIR}/Alamofire/Alamofire.framework",
				"${BUILT_PRODUCTS_DIR}/AlamofireImage/AlamofireImage.framework",
				"${BUILT_PRODUCTS_DIR}/NVActivityIndicatorView/NVActivityIndicatorView.framework",
				"${BUILT_PRODUCTS_DIR}/RMMapper/RMMapper.framework",
				"${BUILT_PRODUCTS_DIR}/SwiftyJSON/SwiftyJSON.framework",
			);
			name = "[CP] Embed Pods Frameworks";
			outputPaths = (
				"${TARGET_BUILD_DIR}/${FRAMEWORKS_FOLDER_PATH}/Alamofire.framework",
				"${TARGET_BUILD_DIR}/${FRAMEWORKS_FOLDER_PATH}/AlamofireImage.framework",
				"${TARGET_BUILD_DIR}/${FRAMEWORKS_FOLDER_PATH}/NVActivityIndicatorView.framework",
				"${TARGET_BUILD_DIR}/${FRAMEWORKS_FOLDER_PATH}/RMMapper.framework",
				"${TARGET_BUILD_DIR}/${FRAMEWORKS_FOLDER_PATH}/SwiftyJSON.framework",
			);
			runOnlyForDeploymentPostprocessing = 0;
			shellPath = /bin/sh;
			shellScript = "\"${SRCROOT}/Pods/Target Support Files/Pods-Turnstr/Pods-Turnstr-frameworks.sh\"\n";
			showEnvVarsInLog = 0;
		};
		67612EF3DB00522A0201F5B6 /* [CP] Copy Pods Resources */ = {
			isa = PBXShellScriptBuildPhase;
			buildActionMask = 2147483647;
			files = (
			);
			inputPaths = (
			);
			name = "[CP] Copy Pods Resources";
			outputPaths = (
			);
			runOnlyForDeploymentPostprocessing = 0;
			shellPath = /bin/sh;
			shellScript = "\"${SRCROOT}/Pods/Target Support Files/Pods-Turnstr/Pods-Turnstr-resources.sh\"\n";
			showEnvVarsInLog = 0;
		};
/* End PBXShellScriptBuildPhase section */

/* Begin PBXSourcesBuildPhase section */
		D9FDE60A1EC2263C009D5BE3 /* Sources */ = {
			isa = PBXSourcesBuildPhase;
			buildActionMask = 2147483647;
			files = (
				D90DF8451F157E64002DD501 /* VideoView.swift in Sources */,
				D9FDE63E1EC22C55009D5BE3 /* Utility.swift in Sources */,
				D9AC62D81F0191100055ED3D /* UIButtonExtension.swift in Sources */,
				D90BF05E1F0D6752003B5F4D /* MyStoriesViewController.swift in Sources */,
				D91C3AFB1F001D78005F945C /* IQKeyboardManagerConstants.swift in Sources */,
				D91C3AFE1F001D78005F945C /* IQKeyboardReturnKeyHandler.swift in Sources */,
				D9FDE6461EC236F5009D5BE3 /* Image.swift in Sources */,
				D90A0F881F01F32E00BFCE90 /* MenuBar.swift in Sources */,
				7E4E575A1F1FC16400FCD758 /* CommentsViewController.swift in Sources */,
				D96366661F035BD100784A58 /* UIButton+WebCache.m in Sources */,
				D96366631F035BD100784A58 /* SDWebImageDownloaderOperation.m in Sources */,
				D9AC62DA1F0191100055ED3D /* UIWindowExtension.swift in Sources */,
				D963663A1F03343900784A58 /* PickerView.swift in Sources */,
				D91C3AFC1F001D78005F945C /* IQKeyboardManagerConstantsInternal.swift in Sources */,
				D91C3B011F001D78005F945C /* IQPreviousNextView.swift in Sources */,
				D9FDE6371EC22A76009D5BE3 /* HomeViewController.swift in Sources */,
				D9FDE6341EC2296D009D5BE3 /* AITransformView.m in Sources */,
				D91C3AF81F001D78005F945C /* IQUIView+Hierarchy.swift in Sources */,
				D96366681F035BD100784A58 /* UIImage+MultiFormat.m in Sources */,
				D9FDE6491EC236F5009D5BE3 /* view.swift in Sources */,
				D9AC62D71F0191100055ED3D /* StringExtensions.swift in Sources */,
				D91C3AF61F001D78005F945C /* IQUIScrollView+Additions.swift in Sources */,
				D91C3AFF1F001D78005F945C /* IQTextView.swift in Sources */,
				D9AC62DB1F0191100055ED3D /* VCExtensions.swift in Sources */,
				D91C3AF71F001D78005F945C /* IQUITextFieldView+Additions.swift in Sources */,
				D963662B1F02D33900784A58 /* Reach.swift in Sources */,
				7E4E575C1F1FC16400FCD758 /* PhotoLibraryViewController.swift in Sources */,
				D963666C1F035BD100784A58 /* UIView+WebCacheOperation.m in Sources */,
				D9AC62C41F018FC90055ED3D /* Device.swift in Sources */,
				D91C3B021F001D78005F945C /* IQTitleBarButtonItem.swift in Sources */,
				D9FDE6481EC236F5009D5BE3 /* textField.swift in Sources */,
				D9AC62D51F0191100055ED3D /* DateExtension.swift in Sources */,
				7E4E575B1F1FC16400FCD758 /* PhotoDetailViewController.swift in Sources */,
				D95181AA1F180C37008595CC /* LiveFeedsViewController.swift in Sources */,
				D9FDE6471EC236F5009D5BE3 /* scroll.swift in Sources */,
				D96366271F02D15D00784A58 /* MBProgressHUD.m in Sources */,
				7E4E57641F1FC1DE00FCD758 /* Photos.swift in Sources */,
				D91C3B071F003986005F945C /* SignUpViewController.swift in Sources */,
				D963665E1F035BD100784A58 /* NSData+ImageContentType.m in Sources */,
				D963666B1F035BD100784A58 /* UIImageView+WebCache.m in Sources */,
				D9AC62D41F0191100055ED3D /* ColorExtension.swift in Sources */,
				D963665D1F035BD100784A58 /* MKAnnotationView+WebCache.m in Sources */,
				7E4E57631F1FC1DE00FCD758 /* PhotoAlbum.swift in Sources */,
				D9AC62FE1F01995C0055ED3D /* LocalizedStrings.swift in Sources */,
				D9FDE6451EC236F5009D5BE3 /* button.swift in Sources */,
				D963662F1F02D74E00784A58 /* WebServices.swift in Sources */,
				D9D36B5F1F110B6D000C66CD /* Story.swift in Sources */,
				D91C3B031F001D78005F945C /* IQToolbar.swift in Sources */,
				D9AC62E41F01917A0055ED3D /* KBLog.swift in Sources */,
				D96B48EA1F146D6E00621B39 /* NewStoryPopUp.swift in Sources */,
				D96366641F035BD100784A58 /* SDWebImageManager.m in Sources */,
				D91C3B041F001D78005F945C /* IQUIView+IQKeyboardToolbar.swift in Sources */,
				D91C3ADC1F001584005F945C /* KBTextField.swift in Sources */,
				7E4E575D1F1FC16400FCD758 /* PhotosViewController.swift in Sources */,
				D9AC63001F019A050055ED3D /* NSObjectExtensions.swift in Sources */,
				8AEC2C8C1F169DFE008DF3BB /* Storyboards.swift in Sources */,
				D91C3AF91F001D78005F945C /* IQUIViewController+Additions.swift in Sources */,
				D96366671F035BD100784A58 /* UIImage+GIF.m in Sources */,
				D96366331F02D78500784A58 /* Singleton.swift in Sources */,
				D96366601F035BD100784A58 /* SDWebImageCompat.m in Sources */,
				D9AC62C31F018FC90055ED3D /* CommonEnums.swift in Sources */,
				7E4E57651F1FC1DE00FCD758 /* KSResponse.swift in Sources */,
				D9FA59DA1F0F26FC001A38B6 /* CubePageView.m in Sources */,
				D9FA59DC1F0F3365001A38B6 /* StoryPreviewViewController.swift in Sources */,
				D963662D1F02D62600784A58 /* APIManager.swift in Sources */,
				D9FDE63C1EC22C55009D5BE3 /* Enums.swift in Sources */,
				D963666A1F035BD100784A58 /* UIImageView+HighlightedWebCache.m in Sources */,
				D9FDE6121EC2263C009D5BE3 /* AppDelegate.swift in Sources */,
				D96366311F02D77E00784A58 /* DataServiceModal.swift in Sources */,
				D91C3AFD1F001D78005F945C /* IQKeyboardManager.swift in Sources */,
				D9AC62DE1F01913C0055ED3D /* CaptureImage.swift in Sources */,
				D91C3AFA1F001D78005F945C /* IQUIWindow+Hierarchy.swift in Sources */,
				D91C3AF51F001D78005F945C /* IQNSArray+Sort.swift in Sources */,
				7E4E57621F1FC1DE00FCD758 /* ServiceUtility.swift in Sources */,
				D926C8971F23E8940090B621 /* StoriesViewController.swift in Sources */,
				D90DF8431F156A97002DD501 /* CameraView.swift in Sources */,
				D9AC62C71F018FC90055ED3D /* UDData.swift in Sources */,
				D96366611F035BD100784A58 /* SDWebImageDecoder.m in Sources */,
				D96366361F02FCBC00784A58 /* EditProfileCell.swift in Sources */,
				D91C3B001F001D78005F945C /* IQBarButtonItem.swift in Sources */,
				D9AC62E31F01917A0055ED3D /* KBLoader.swift in Sources */,
				D9FDE63D1EC22C55009D5BE3 /* Header.swift in Sources */,
				D963665F1F035BD100784A58 /* SDImageCache.m in Sources */,
				D96366651F035BD100784A58 /* SDWebImagePrefetcher.m in Sources */,
				D96366621F035BD100784A58 /* SDWebImageDownloader.m in Sources */,
				D9D3DF4F1F1130E100173FFD /* CameraViewController.swift in Sources */,
				D96366691F035BD100784A58 /* UIImage+WebP.m in Sources */,
				D9AC63031F019E350055ED3D /* EditProfileViewController.swift in Sources */,
				D9AC62C21F018FC90055ED3D /* CellIdentifiers.swift in Sources */,
				D9AC62B41F018F3A0055ED3D /* EditProfileHeader.swift in Sources */,
				D9AC62C01F018FC90055ED3D /* AppFont.swift in Sources */,
				D96B48EF1F1472D600621B39 /* CustomAlertView.swift in Sources */,
				D92070DD1EF98FDC0095B9FA /* LoginViewController.swift in Sources */,
				8AEC2C751F1693E9008DF3BB /* TabbarController.swift in Sources */,
				D91C3B0A1F003DB5005F945C /* ParentViewController.swift in Sources */,
				D9FDE6311EC22950009D5BE3 /* Trackball.m in Sources */,
				D96B48E71F145A7400621B39 /* Loader.swift in Sources */,
				D90BF0621F0D7DF5003B5F4D /* StoriesTableViewCell.swift in Sources */,
			);
			runOnlyForDeploymentPostprocessing = 0;
		};
/* End PBXSourcesBuildPhase section */

/* Begin XCBuildConfiguration section */
		D9FDE61E1EC2263C009D5BE3 /* Debug */ = {
			isa = XCBuildConfiguration;
			buildSettings = {
				ALWAYS_SEARCH_USER_PATHS = NO;
				CLANG_ANALYZER_NONNULL = YES;
				CLANG_CXX_LANGUAGE_STANDARD = "gnu++0x";
				CLANG_CXX_LIBRARY = "libc++";
				CLANG_ENABLE_MODULES = YES;
				CLANG_ENABLE_OBJC_ARC = YES;
				CLANG_WARN_BOOL_CONVERSION = YES;
				CLANG_WARN_CONSTANT_CONVERSION = YES;
				CLANG_WARN_DIRECT_OBJC_ISA_USAGE = YES_ERROR;
				CLANG_WARN_DOCUMENTATION_COMMENTS = YES;
				CLANG_WARN_EMPTY_BODY = YES;
				CLANG_WARN_ENUM_CONVERSION = YES;
				CLANG_WARN_INFINITE_RECURSION = YES;
				CLANG_WARN_INT_CONVERSION = YES;
				CLANG_WARN_OBJC_ROOT_CLASS = YES_ERROR;
				CLANG_WARN_SUSPICIOUS_MOVE = YES;
				CLANG_WARN_UNREACHABLE_CODE = YES;
				CLANG_WARN__DUPLICATE_METHOD_MATCH = YES;
				"CODE_SIGN_IDENTITY[sdk=iphoneos*]" = "iPhone Developer";
				COPY_PHASE_STRIP = NO;
				DEBUG_INFORMATION_FORMAT = dwarf;
				ENABLE_STRICT_OBJC_MSGSEND = YES;
				ENABLE_TESTABILITY = YES;
				GCC_C_LANGUAGE_STANDARD = gnu99;
				GCC_DYNAMIC_NO_PIC = NO;
				GCC_NO_COMMON_BLOCKS = YES;
				GCC_OPTIMIZATION_LEVEL = 0;
				GCC_PREPROCESSOR_DEFINITIONS = (
					"DEBUG=1",
					"$(inherited)",
				);
				GCC_WARN_64_TO_32_BIT_CONVERSION = YES;
				GCC_WARN_ABOUT_RETURN_TYPE = YES_ERROR;
				GCC_WARN_UNDECLARED_SELECTOR = YES;
				GCC_WARN_UNINITIALIZED_AUTOS = YES_AGGRESSIVE;
				GCC_WARN_UNUSED_FUNCTION = YES;
				GCC_WARN_UNUSED_VARIABLE = YES;
				IPHONEOS_DEPLOYMENT_TARGET = 10.2;
				MTL_ENABLE_DEBUG_INFO = YES;
				ONLY_ACTIVE_ARCH = YES;
				SDKROOT = iphoneos;
				SWIFT_ACTIVE_COMPILATION_CONDITIONS = DEBUG;
				SWIFT_OPTIMIZATION_LEVEL = "-Onone";
			};
			name = Debug;
		};
		D9FDE61F1EC2263C009D5BE3 /* Release */ = {
			isa = XCBuildConfiguration;
			buildSettings = {
				ALWAYS_SEARCH_USER_PATHS = NO;
				CLANG_ANALYZER_NONNULL = YES;
				CLANG_CXX_LANGUAGE_STANDARD = "gnu++0x";
				CLANG_CXX_LIBRARY = "libc++";
				CLANG_ENABLE_MODULES = YES;
				CLANG_ENABLE_OBJC_ARC = YES;
				CLANG_WARN_BOOL_CONVERSION = YES;
				CLANG_WARN_CONSTANT_CONVERSION = YES;
				CLANG_WARN_DIRECT_OBJC_ISA_USAGE = YES_ERROR;
				CLANG_WARN_DOCUMENTATION_COMMENTS = YES;
				CLANG_WARN_EMPTY_BODY = YES;
				CLANG_WARN_ENUM_CONVERSION = YES;
				CLANG_WARN_INFINITE_RECURSION = YES;
				CLANG_WARN_INT_CONVERSION = YES;
				CLANG_WARN_OBJC_ROOT_CLASS = YES_ERROR;
				CLANG_WARN_SUSPICIOUS_MOVE = YES;
				CLANG_WARN_UNREACHABLE_CODE = YES;
				CLANG_WARN__DUPLICATE_METHOD_MATCH = YES;
				"CODE_SIGN_IDENTITY[sdk=iphoneos*]" = "iPhone Developer";
				COPY_PHASE_STRIP = NO;
				DEBUG_INFORMATION_FORMAT = "dwarf-with-dsym";
				ENABLE_NS_ASSERTIONS = NO;
				ENABLE_STRICT_OBJC_MSGSEND = YES;
				GCC_C_LANGUAGE_STANDARD = gnu99;
				GCC_NO_COMMON_BLOCKS = YES;
				GCC_WARN_64_TO_32_BIT_CONVERSION = YES;
				GCC_WARN_ABOUT_RETURN_TYPE = YES_ERROR;
				GCC_WARN_UNDECLARED_SELECTOR = YES;
				GCC_WARN_UNINITIALIZED_AUTOS = YES_AGGRESSIVE;
				GCC_WARN_UNUSED_FUNCTION = YES;
				GCC_WARN_UNUSED_VARIABLE = YES;
				IPHONEOS_DEPLOYMENT_TARGET = 10.2;
				MTL_ENABLE_DEBUG_INFO = NO;
				SDKROOT = iphoneos;
				SWIFT_OPTIMIZATION_LEVEL = "-Owholemodule";
				VALIDATE_PRODUCT = YES;
			};
			name = Release;
		};
		D9FDE6211EC2263C009D5BE3 /* Debug */ = {
			isa = XCBuildConfiguration;
			baseConfigurationReference = 4C47722425C11F466B24548F /* Pods-Turnstr.debug.xcconfig */;
			buildSettings = {
				ASSETCATALOG_COMPILER_APPICON_NAME = AppIcon;
				CLANG_ENABLE_MODULES = YES;
				"CODE_SIGN_IDENTITY[sdk=iphoneos*]" = "iPhone Developer";
				DEVELOPMENT_TEAM = XXPSXL3JLY;
				INFOPLIST_FILE = Turnstr/Info.plist;
				IPHONEOS_DEPLOYMENT_TARGET = 9.0;
				LD_RUNPATH_SEARCH_PATHS = "$(inherited) @executable_path/Frameworks";
				PRODUCT_BUNDLE_IDENTIFIER = com.app.Turnstr;
				PRODUCT_NAME = "$(TARGET_NAME)";
				PROVISIONING_PROFILE = "ab262514-5c1b-43c6-ba47-924a245e70bb";
				PROVISIONING_PROFILE_SPECIFIER = Turnstr_dev;
				SWIFT_OBJC_BRIDGING_HEADER = "Turnstr/Turnstr-Bridging-Header.h";
				SWIFT_OPTIMIZATION_LEVEL = "-Onone";
				SWIFT_VERSION = 3.0;
			};
			name = Debug;
		};
		D9FDE6221EC2263C009D5BE3 /* Release */ = {
			isa = XCBuildConfiguration;
			baseConfigurationReference = 4AC6FD96D7C11DE3F0F2CCC3 /* Pods-Turnstr.release.xcconfig */;
			buildSettings = {
				ASSETCATALOG_COMPILER_APPICON_NAME = AppIcon;
				CLANG_ENABLE_MODULES = YES;
				"CODE_SIGN_IDENTITY[sdk=iphoneos*]" = "iPhone Developer";
				DEVELOPMENT_TEAM = "";
				INFOPLIST_FILE = Turnstr/Info.plist;
				IPHONEOS_DEPLOYMENT_TARGET = 9.0;
				LD_RUNPATH_SEARCH_PATHS = "$(inherited) @executable_path/Frameworks";
				PRODUCT_BUNDLE_IDENTIFIER = com.app.Turnstr;
				PRODUCT_NAME = "$(TARGET_NAME)";
				PROVISIONING_PROFILE_SPECIFIER = "";
				SWIFT_OBJC_BRIDGING_HEADER = "Turnstr/Turnstr-Bridging-Header.h";
				SWIFT_VERSION = 3.0;
			};
			name = Release;
		};
/* End XCBuildConfiguration section */

/* Begin XCConfigurationList section */
		D9FDE6091EC2263C009D5BE3 /* Build configuration list for PBXProject "Turnstr" */ = {
			isa = XCConfigurationList;
			buildConfigurations = (
				D9FDE61E1EC2263C009D5BE3 /* Debug */,
				D9FDE61F1EC2263C009D5BE3 /* Release */,
			);
			defaultConfigurationIsVisible = 0;
			defaultConfigurationName = Release;
		};
		D9FDE6201EC2263C009D5BE3 /* Build configuration list for PBXNativeTarget "Turnstr" */ = {
			isa = XCConfigurationList;
			buildConfigurations = (
				D9FDE6211EC2263C009D5BE3 /* Debug */,
				D9FDE6221EC2263C009D5BE3 /* Release */,
			);
			defaultConfigurationIsVisible = 0;
			defaultConfigurationName = Release;
		};
/* End XCConfigurationList section */
	};
	rootObject = D9FDE6061EC2263C009D5BE3 /* Project object */;
}
